
Microsoft Visual Studio Solution File, Format Version 12.00
# Visual Studio 15
VisualStudioVersion = 15.0.27703.2018
MinimumVisualStudioVersion = 10.0.40219.1
Project("{9A19103F-16F7-4668-BE54-9A1E7A4F7556}") = "Microsoft.Toolkit.Win32.UI.Controls", "Microsoft.Toolkit.Win32.UI.Controls\Microsoft.Toolkit.Win32.UI.Controls.csproj", "{740413D5-C399-49F9-BE0A-1B5D45FB6A1C}"
EndProject
Project("{FAE04EC0-301F-11D3-BF4B-00C04F79EFBC}") = "Microsoft.Toolkit.Win32.Samples.WinForms.WebView", "Microsoft.Toolkit.Win32.Samples.WinForms.WebView\Microsoft.Toolkit.Win32.Samples.WinForms.WebView.csproj", "{D103E448-64B1-407C-B09E-7C61AF9F2740}"
EndProject
Project("{FAE04EC0-301F-11D3-BF4B-00C04F79EFBC}") = "Microsoft.Toolkit.Win32.Samples.WPF.WebView", "Microsoft.Toolkit.Win32.Samples.WPF.WebView\Microsoft.Toolkit.Win32.Samples.WPF.WebView.csproj", "{2FE9AA6A-BD27-438F-9941-221033E4A1DD}"
EndProject
Project("{2150E333-8FDC-42A3-9474-1A3956D46DE8}") = "Tests", "Tests", "{9AFF2EBF-08DA-44C1-AC09-187561FF1147}"
EndProject
Project("{9A19103F-16F7-4668-BE54-9A1E7A4F7556}") = "UnitTests.WebView.Shared", "Tests\UnitTests.WebView.Shared\UnitTests.WebView.Shared.csproj", "{B220BE88-944E-45D1-9248-6FAEF53868A3}"
EndProject
Project("{9A19103F-16F7-4668-BE54-9A1E7A4F7556}") = "UnitTests.WebView.WinForms", "Tests\UnitTests.WebView.WinForms\UnitTests.WebView.WinForms.csproj", "{10129749-7761-49B8-96B9-94BC833BA60B}"
EndProject
Project("{9A19103F-16F7-4668-BE54-9A1E7A4F7556}") = "UnitTests.WebView.WPF", "Tests\UnitTests.WebView.WPF\UnitTests.WebView.WPF.csproj", "{2E49400E-B114-4FAE-B743-6CB57B500E31}"
EndProject
Project("{9A19103F-16F7-4668-BE54-9A1E7A4F7556}") = "Microsoft.Toolkit.Forms.UI.XamlHost", "Microsoft.Toolkit.Forms.UI.XamlHost\Microsoft.Toolkit.Forms.UI.XamlHost.csproj", "{B4911490-D52E-4CF2-BD14-BA487BDF2240}"
EndProject
Project("{9A19103F-16F7-4668-BE54-9A1E7A4F7556}") = "Microsoft.Toolkit.Wpf.UI.XamlHost", "Microsoft.Toolkit.Wpf.UI.XamlHost\Microsoft.Toolkit.Wpf.UI.XamlHost.csproj", "{8861D7E9-A7C5-4174-8FCE-3DCDF33C318B}"
EndProject
Project("{2150E333-8FDC-42A3-9474-1A3956D46DE8}") = "Samples", "Samples", "{B8A39E8C-1B73-4A95-BB26-E92D39B7A932}"
EndProject
Project("{2150E333-8FDC-42A3-9474-1A3956D46DE8}") = "XamlHost", "XamlHost", "{E3B3FB12-67C0-404C-BA3F-08E65BCC682C}"
EndProject
Project("{2150E333-8FDC-42A3-9474-1A3956D46DE8}") = "WebView", "WebView", "{C0C8A97B-5921-465A-880C-3D5098872295}"
EndProject
Global
	GlobalSection(SolutionConfigurationPlatforms) = preSolution
		Debug|Any CPU = Debug|Any CPU
		Debug|ARM = Debug|ARM
		Debug|x64 = Debug|x64
		Debug|x86 = Debug|x86
		Release|Any CPU = Release|Any CPU
		Release|ARM = Release|ARM
		Release|x64 = Release|x64
		Release|x86 = Release|x86
	EndGlobalSection
	GlobalSection(ProjectConfigurationPlatforms) = postSolution
		{740413D5-C399-49F9-BE0A-1B5D45FB6A1C}.Debug|Any CPU.ActiveCfg = Debug|Any CPU
		{740413D5-C399-49F9-BE0A-1B5D45FB6A1C}.Debug|Any CPU.Build.0 = Debug|Any CPU
		{740413D5-C399-49F9-BE0A-1B5D45FB6A1C}.Debug|ARM.ActiveCfg = Debug|Any CPU
		{740413D5-C399-49F9-BE0A-1B5D45FB6A1C}.Debug|ARM.Build.0 = Debug|Any CPU
		{740413D5-C399-49F9-BE0A-1B5D45FB6A1C}.Debug|x64.ActiveCfg = Debug|Any CPU
		{740413D5-C399-49F9-BE0A-1B5D45FB6A1C}.Debug|x64.Build.0 = Debug|Any CPU
		{740413D5-C399-49F9-BE0A-1B5D45FB6A1C}.Debug|x86.ActiveCfg = Debug|Any CPU
		{740413D5-C399-49F9-BE0A-1B5D45FB6A1C}.Debug|x86.Build.0 = Debug|Any CPU
		{740413D5-C399-49F9-BE0A-1B5D45FB6A1C}.Release|Any CPU.ActiveCfg = Release|Any CPU
		{740413D5-C399-49F9-BE0A-1B5D45FB6A1C}.Release|Any CPU.Build.0 = Release|Any CPU
		{740413D5-C399-49F9-BE0A-1B5D45FB6A1C}.Release|ARM.ActiveCfg = Release|Any CPU
		{740413D5-C399-49F9-BE0A-1B5D45FB6A1C}.Release|ARM.Build.0 = Release|Any CPU
		{740413D5-C399-49F9-BE0A-1B5D45FB6A1C}.Release|x64.ActiveCfg = Release|Any CPU
		{740413D5-C399-49F9-BE0A-1B5D45FB6A1C}.Release|x64.Build.0 = Release|Any CPU
		{740413D5-C399-49F9-BE0A-1B5D45FB6A1C}.Release|x86.ActiveCfg = Release|Any CPU
		{740413D5-C399-49F9-BE0A-1B5D45FB6A1C}.Release|x86.Build.0 = Release|Any CPU
		{D103E448-64B1-407C-B09E-7C61AF9F2740}.Debug|Any CPU.ActiveCfg = Debug|Any CPU
		{D103E448-64B1-407C-B09E-7C61AF9F2740}.Debug|Any CPU.Build.0 = Debug|Any CPU
		{D103E448-64B1-407C-B09E-7C61AF9F2740}.Debug|ARM.ActiveCfg = Debug|Any CPU
		{D103E448-64B1-407C-B09E-7C61AF9F2740}.Debug|ARM.Build.0 = Debug|Any CPU
		{D103E448-64B1-407C-B09E-7C61AF9F2740}.Debug|x64.ActiveCfg = Debug|Any CPU
		{D103E448-64B1-407C-B09E-7C61AF9F2740}.Debug|x64.Build.0 = Debug|Any CPU
		{D103E448-64B1-407C-B09E-7C61AF9F2740}.Debug|x86.ActiveCfg = Debug|Any CPU
		{D103E448-64B1-407C-B09E-7C61AF9F2740}.Debug|x86.Build.0 = Debug|Any CPU
		{D103E448-64B1-407C-B09E-7C61AF9F2740}.Release|Any CPU.ActiveCfg = Release|Any CPU
		{D103E448-64B1-407C-B09E-7C61AF9F2740}.Release|Any CPU.Build.0 = Release|Any CPU
		{D103E448-64B1-407C-B09E-7C61AF9F2740}.Release|ARM.ActiveCfg = Release|Any CPU
		{D103E448-64B1-407C-B09E-7C61AF9F2740}.Release|ARM.Build.0 = Release|Any CPU
		{D103E448-64B1-407C-B09E-7C61AF9F2740}.Release|x64.ActiveCfg = Release|Any CPU
		{D103E448-64B1-407C-B09E-7C61AF9F2740}.Release|x64.Build.0 = Release|Any CPU
		{D103E448-64B1-407C-B09E-7C61AF9F2740}.Release|x86.ActiveCfg = Release|Any CPU
		{D103E448-64B1-407C-B09E-7C61AF9F2740}.Release|x86.Build.0 = Release|Any CPU
		{2FE9AA6A-BD27-438F-9941-221033E4A1DD}.Debug|Any CPU.ActiveCfg = Debug|Any CPU
		{2FE9AA6A-BD27-438F-9941-221033E4A1DD}.Debug|Any CPU.Build.0 = Debug|Any CPU
		{2FE9AA6A-BD27-438F-9941-221033E4A1DD}.Debug|ARM.ActiveCfg = Debug|Any CPU
		{2FE9AA6A-BD27-438F-9941-221033E4A1DD}.Debug|ARM.Build.0 = Debug|Any CPU
		{2FE9AA6A-BD27-438F-9941-221033E4A1DD}.Debug|x64.ActiveCfg = Debug|Any CPU
		{2FE9AA6A-BD27-438F-9941-221033E4A1DD}.Debug|x64.Build.0 = Debug|Any CPU
		{2FE9AA6A-BD27-438F-9941-221033E4A1DD}.Debug|x86.ActiveCfg = Debug|Any CPU
		{2FE9AA6A-BD27-438F-9941-221033E4A1DD}.Debug|x86.Build.0 = Debug|Any CPU
		{2FE9AA6A-BD27-438F-9941-221033E4A1DD}.Release|Any CPU.ActiveCfg = Release|Any CPU
		{2FE9AA6A-BD27-438F-9941-221033E4A1DD}.Release|Any CPU.Build.0 = Release|Any CPU
		{2FE9AA6A-BD27-438F-9941-221033E4A1DD}.Release|ARM.ActiveCfg = Release|Any CPU
		{2FE9AA6A-BD27-438F-9941-221033E4A1DD}.Release|ARM.Build.0 = Release|Any CPU
		{2FE9AA6A-BD27-438F-9941-221033E4A1DD}.Release|x64.ActiveCfg = Release|Any CPU
		{2FE9AA6A-BD27-438F-9941-221033E4A1DD}.Release|x64.Build.0 = Release|Any CPU
		{2FE9AA6A-BD27-438F-9941-221033E4A1DD}.Release|x86.ActiveCfg = Release|Any CPU
		{2FE9AA6A-BD27-438F-9941-221033E4A1DD}.Release|x86.Build.0 = Release|Any CPU
		{B220BE88-944E-45D1-9248-6FAEF53868A3}.Debug|Any CPU.ActiveCfg = Debug|Any CPU
		{B220BE88-944E-45D1-9248-6FAEF53868A3}.Debug|Any CPU.Build.0 = Debug|Any CPU
		{B220BE88-944E-45D1-9248-6FAEF53868A3}.Debug|ARM.ActiveCfg = Debug|Any CPU
		{B220BE88-944E-45D1-9248-6FAEF53868A3}.Debug|ARM.Build.0 = Debug|Any CPU
		{B220BE88-944E-45D1-9248-6FAEF53868A3}.Debug|x64.ActiveCfg = Debug|Any CPU
		{B220BE88-944E-45D1-9248-6FAEF53868A3}.Debug|x64.Build.0 = Debug|Any CPU
		{B220BE88-944E-45D1-9248-6FAEF53868A3}.Debug|x86.ActiveCfg = Debug|Any CPU
		{B220BE88-944E-45D1-9248-6FAEF53868A3}.Debug|x86.Build.0 = Debug|Any CPU
		{B220BE88-944E-45D1-9248-6FAEF53868A3}.Release|Any CPU.ActiveCfg = Release|Any CPU
		{B220BE88-944E-45D1-9248-6FAEF53868A3}.Release|Any CPU.Build.0 = Release|Any CPU
		{B220BE88-944E-45D1-9248-6FAEF53868A3}.Release|ARM.ActiveCfg = Release|Any CPU
		{B220BE88-944E-45D1-9248-6FAEF53868A3}.Release|ARM.Build.0 = Release|Any CPU
		{B220BE88-944E-45D1-9248-6FAEF53868A3}.Release|x64.ActiveCfg = Release|Any CPU
		{B220BE88-944E-45D1-9248-6FAEF53868A3}.Release|x64.Build.0 = Release|Any CPU
		{B220BE88-944E-45D1-9248-6FAEF53868A3}.Release|x86.ActiveCfg = Release|Any CPU
		{B220BE88-944E-45D1-9248-6FAEF53868A3}.Release|x86.Build.0 = Release|Any CPU
		{10129749-7761-49B8-96B9-94BC833BA60B}.Debug|Any CPU.ActiveCfg = Debug|Any CPU
		{10129749-7761-49B8-96B9-94BC833BA60B}.Debug|Any CPU.Build.0 = Debug|Any CPU
		{10129749-7761-49B8-96B9-94BC833BA60B}.Debug|ARM.ActiveCfg = Debug|Any CPU
		{10129749-7761-49B8-96B9-94BC833BA60B}.Debug|ARM.Build.0 = Debug|Any CPU
		{10129749-7761-49B8-96B9-94BC833BA60B}.Debug|x64.ActiveCfg = Debug|Any CPU
		{10129749-7761-49B8-96B9-94BC833BA60B}.Debug|x64.Build.0 = Debug|Any CPU
		{10129749-7761-49B8-96B9-94BC833BA60B}.Debug|x86.ActiveCfg = Debug|Any CPU
		{10129749-7761-49B8-96B9-94BC833BA60B}.Debug|x86.Build.0 = Debug|Any CPU
		{10129749-7761-49B8-96B9-94BC833BA60B}.Release|Any CPU.ActiveCfg = Release|Any CPU
		{10129749-7761-49B8-96B9-94BC833BA60B}.Release|Any CPU.Build.0 = Release|Any CPU
		{10129749-7761-49B8-96B9-94BC833BA60B}.Release|ARM.ActiveCfg = Release|Any CPU
		{10129749-7761-49B8-96B9-94BC833BA60B}.Release|ARM.Build.0 = Release|Any CPU
		{10129749-7761-49B8-96B9-94BC833BA60B}.Release|x64.ActiveCfg = Release|Any CPU
		{10129749-7761-49B8-96B9-94BC833BA60B}.Release|x64.Build.0 = Release|Any CPU
		{10129749-7761-49B8-96B9-94BC833BA60B}.Release|x86.ActiveCfg = Release|Any CPU
		{10129749-7761-49B8-96B9-94BC833BA60B}.Release|x86.Build.0 = Release|Any CPU
		{2E49400E-B114-4FAE-B743-6CB57B500E31}.Debug|Any CPU.ActiveCfg = Debug|Any CPU
		{2E49400E-B114-4FAE-B743-6CB57B500E31}.Debug|Any CPU.Build.0 = Debug|Any CPU
		{2E49400E-B114-4FAE-B743-6CB57B500E31}.Debug|ARM.ActiveCfg = Debug|Any CPU
		{2E49400E-B114-4FAE-B743-6CB57B500E31}.Debug|ARM.Build.0 = Debug|Any CPU
		{2E49400E-B114-4FAE-B743-6CB57B500E31}.Debug|x64.ActiveCfg = Debug|Any CPU
		{2E49400E-B114-4FAE-B743-6CB57B500E31}.Debug|x64.Build.0 = Debug|Any CPU
		{2E49400E-B114-4FAE-B743-6CB57B500E31}.Debug|x86.ActiveCfg = Debug|Any CPU
		{2E49400E-B114-4FAE-B743-6CB57B500E31}.Debug|x86.Build.0 = Debug|Any CPU
		{2E49400E-B114-4FAE-B743-6CB57B500E31}.Release|Any CPU.ActiveCfg = Release|Any CPU
		{2E49400E-B114-4FAE-B743-6CB57B500E31}.Release|Any CPU.Build.0 = Release|Any CPU
		{2E49400E-B114-4FAE-B743-6CB57B500E31}.Release|ARM.ActiveCfg = Release|Any CPU
		{2E49400E-B114-4FAE-B743-6CB57B500E31}.Release|ARM.Build.0 = Release|Any CPU
		{2E49400E-B114-4FAE-B743-6CB57B500E31}.Release|x64.ActiveCfg = Release|Any CPU
		{2E49400E-B114-4FAE-B743-6CB57B500E31}.Release|x64.Build.0 = Release|Any CPU
		{2E49400E-B114-4FAE-B743-6CB57B500E31}.Release|x86.ActiveCfg = Release|Any CPU
		{2E49400E-B114-4FAE-B743-6CB57B500E31}.Release|x86.Build.0 = Release|Any CPU
		{B4911490-D52E-4CF2-BD14-BA487BDF2240}.Debug|Any CPU.ActiveCfg = Debug|Any CPU
		{B4911490-D52E-4CF2-BD14-BA487BDF2240}.Debug|Any CPU.Build.0 = Debug|Any CPU
		{B4911490-D52E-4CF2-BD14-BA487BDF2240}.Debug|ARM.ActiveCfg = Debug|Any CPU
		{B4911490-D52E-4CF2-BD14-BA487BDF2240}.Debug|ARM.Build.0 = Debug|Any CPU
		{B4911490-D52E-4CF2-BD14-BA487BDF2240}.Debug|x64.ActiveCfg = Debug|Any CPU
		{B4911490-D52E-4CF2-BD14-BA487BDF2240}.Debug|x64.Build.0 = Debug|Any CPU
		{B4911490-D52E-4CF2-BD14-BA487BDF2240}.Debug|x86.ActiveCfg = Debug|Any CPU
		{B4911490-D52E-4CF2-BD14-BA487BDF2240}.Debug|x86.Build.0 = Debug|Any CPU
		{B4911490-D52E-4CF2-BD14-BA487BDF2240}.Release|Any CPU.ActiveCfg = Release|Any CPU
		{B4911490-D52E-4CF2-BD14-BA487BDF2240}.Release|Any CPU.Build.0 = Release|Any CPU
		{B4911490-D52E-4CF2-BD14-BA487BDF2240}.Release|ARM.ActiveCfg = Release|Any CPU
		{B4911490-D52E-4CF2-BD14-BA487BDF2240}.Release|ARM.Build.0 = Release|Any CPU
		{B4911490-D52E-4CF2-BD14-BA487BDF2240}.Release|x64.ActiveCfg = Release|Any CPU
		{B4911490-D52E-4CF2-BD14-BA487BDF2240}.Release|x64.Build.0 = Release|Any CPU
		{B4911490-D52E-4CF2-BD14-BA487BDF2240}.Release|x86.ActiveCfg = Release|Any CPU
		{B4911490-D52E-4CF2-BD14-BA487BDF2240}.Release|x86.Build.0 = Release|Any CPU
		{8861D7E9-A7C5-4174-8FCE-3DCDF33C318B}.Debug|Any CPU.ActiveCfg = Debug|Any CPU
		{8861D7E9-A7C5-4174-8FCE-3DCDF33C318B}.Debug|Any CPU.Build.0 = Debug|Any CPU
		{8861D7E9-A7C5-4174-8FCE-3DCDF33C318B}.Debug|ARM.ActiveCfg = Debug|Any CPU
		{8861D7E9-A7C5-4174-8FCE-3DCDF33C318B}.Debug|ARM.Build.0 = Debug|Any CPU
		{8861D7E9-A7C5-4174-8FCE-3DCDF33C318B}.Debug|x64.ActiveCfg = Debug|Any CPU
		{8861D7E9-A7C5-4174-8FCE-3DCDF33C318B}.Debug|x64.Build.0 = Debug|Any CPU
		{8861D7E9-A7C5-4174-8FCE-3DCDF33C318B}.Debug|x86.ActiveCfg = Debug|Any CPU
		{8861D7E9-A7C5-4174-8FCE-3DCDF33C318B}.Debug|x86.Build.0 = Debug|Any CPU
		{8861D7E9-A7C5-4174-8FCE-3DCDF33C318B}.Release|Any CPU.ActiveCfg = Release|Any CPU
		{8861D7E9-A7C5-4174-8FCE-3DCDF33C318B}.Release|Any CPU.Build.0 = Release|Any CPU
		{8861D7E9-A7C5-4174-8FCE-3DCDF33C318B}.Release|ARM.ActiveCfg = Release|Any CPU
		{8861D7E9-A7C5-4174-8FCE-3DCDF33C318B}.Release|ARM.Build.0 = Release|Any CPU
		{8861D7E9-A7C5-4174-8FCE-3DCDF33C318B}.Release|x64.ActiveCfg = Release|Any CPU
		{8861D7E9-A7C5-4174-8FCE-3DCDF33C318B}.Release|x64.Build.0 = Release|Any CPU
		{8861D7E9-A7C5-4174-8FCE-3DCDF33C318B}.Release|x86.ActiveCfg = Release|Any CPU
		{8861D7E9-A7C5-4174-8FCE-3DCDF33C318B}.Release|x86.Build.0 = Release|Any CPU
	EndGlobalSection
	GlobalSection(SolutionProperties) = preSolution
		HideSolutionNode = FALSE
	EndGlobalSection
	GlobalSection(NestedProjects) = preSolution
		{D103E448-64B1-407C-B09E-7C61AF9F2740} = {B8A39E8C-1B73-4A95-BB26-E92D39B7A932}
		{2FE9AA6A-BD27-438F-9941-221033E4A1DD} = {B8A39E8C-1B73-4A95-BB26-E92D39B7A932}
		{9AFF2EBF-08DA-44C1-AC09-187561FF1147} = {C0C8A97B-5921-465A-880C-3D5098872295}
		{B220BE88-944E-45D1-9248-6FAEF53868A3} = {9AFF2EBF-08DA-44C1-AC09-187561FF1147}
		{10129749-7761-49B8-96B9-94BC833BA60B} = {9AFF2EBF-08DA-44C1-AC09-187561FF1147}
		{2E49400E-B114-4FAE-B743-6CB57B500E31} = {9AFF2EBF-08DA-44C1-AC09-187561FF1147}
		{B4911490-D52E-4CF2-BD14-BA487BDF2240} = {E3B3FB12-67C0-404C-BA3F-08E65BCC682C}
		{8861D7E9-A7C5-4174-8FCE-3DCDF33C318B} = {E3B3FB12-67C0-404C-BA3F-08E65BCC682C}
		{B8A39E8C-1B73-4A95-BB26-E92D39B7A932} = {C0C8A97B-5921-465A-880C-3D5098872295}
	EndGlobalSection
	GlobalSection(ExtensibilityGlobals) = postSolution
		SolutionGuid = {AFDF3CA9-FBAD-4C80-A08A-7B69D21D561E}
	EndGlobalSection
EndGlobal
