
Microsoft Visual Studio Solution File, Format Version 12.00
# Visual Studio 14
VisualStudioVersion = 14.0.25420.1
MinimumVisualStudioVersion = 10.0.40219.1
Project("{FAE04EC0-301F-11D3-BF4B-00C04F79EFBC}") = "Microsoft.Toolkit.Uwp", "Microsoft.Toolkit.Uwp\Microsoft.Toolkit.Uwp.csproj", "{805F80DF-75C6-4C2F-8FD9-B47F6D0DF5A3}"
EndProject
Project("{FAE04EC0-301F-11D3-BF4B-00C04F79EFBC}") = "UnitTests", "UnitTests\UnitTests.csproj", "{A139968E-AD78-4E8C-93B8-9A5523BCAC89}"
EndProject
Project("{FAE04EC0-301F-11D3-BF4B-00C04F79EFBC}") = "Microsoft.Toolkit.Uwp.UI", "Microsoft.Toolkit.Uwp.UI\Microsoft.Toolkit.Uwp.UI.csproj", "{3DD8AA7C-3569-4E51-992F-0C2257E8878E}"
EndProject
Project("{FAE04EC0-301F-11D3-BF4B-00C04F79EFBC}") = "Microsoft.Toolkit.Uwp.UI.Animations", "Microsoft.Toolkit.Uwp.UI.Animations\Microsoft.Toolkit.Uwp.UI.Animations.csproj", "{B24A296C-B3EB-4E06-A64E-74AC2D1ACC91}"
EndProject
Project("{2150E333-8FDC-42A3-9474-1A3956D46DE8}") = "UI", "UI", "{F1AFFFA7-28FE-4770-BA48-10D76F3E59BC}"
EndProject
Project("{2150E333-8FDC-42A3-9474-1A3956D46DE8}") = "Tests", "Tests", "{B30036C4-D514-4E5B-A323-587A061772CE}"
EndProject
Project("{FAE04EC0-301F-11D3-BF4B-00C04F79EFBC}") = "Microsoft.Toolkit.Uwp.SampleApp", "Microsoft.Toolkit.Uwp.SampleApp\Microsoft.Toolkit.Uwp.SampleApp.csproj", "{719C43C6-8753-4395-ADAA-2FCC70F76BF3}"
EndProject
Project("{FAE04EC0-301F-11D3-BF4B-00C04F79EFBC}") = "Microsoft.Toolkit.Uwp.Services", "Microsoft.Toolkit.Uwp.Services\Microsoft.Toolkit.Uwp.Services.csproj", "{7189A42D-6F1A-4FA3-8E00-E2C14FDF167A}"
EndProject
Project("{FAE04EC0-301F-11D3-BF4B-00C04F79EFBC}") = "Microsoft.Toolkit.Uwp.UI.Controls", "Microsoft.Toolkit.Uwp.UI.Controls\Microsoft.Toolkit.Uwp.UI.Controls.csproj", "{E9FAABFB-D726-42C1-83C1-CB46A29FEA81}"
EndProject
Project("{2150E333-8FDC-42A3-9474-1A3956D46DE8}") = "Notifications", "Notifications", "{AC34EA36-5E97-4158-B7A0-3D4BBF1BAA54}"
EndProject
Project("{D954291E-2A0B-460D-934E-DC6B0785DB48}") = "Microsoft.Toolkit.Uwp.Notifications.Shared", "Notifications\Microsoft.Toolkit.Uwp.Notifications.Shared\Microsoft.Toolkit.Uwp.Notifications.Shared.shproj", "{8BACD7A9-B205-4ADF-BDA9-763B30A66576}"
EndProject
Project("{FAE04EC0-301F-11D3-BF4B-00C04F79EFBC}") = "Microsoft.Toolkit.Uwp.Notifications.NETStandard", "Notifications\Microsoft.Toolkit.Uwp.Notifications.NETStandard\Microsoft.Toolkit.Uwp.Notifications.NETStandard.csproj", "{52F9ACF2-55E7-4415-92BD-902CF85CE3DA}"
EndProject
Project("{FAE04EC0-301F-11D3-BF4B-00C04F79EFBC}") = "Microsoft.Toolkit.Uwp.Notifications.Portable", "Notifications\Microsoft.Toolkit.Uwp.Notifications.Portable\Microsoft.Toolkit.Uwp.Notifications.Portable.csproj", "{6E7022E2-3547-4BFA-AE96-E6B11477AF16}"
EndProject
Project("{FAE04EC0-301F-11D3-BF4B-00C04F79EFBC}") = "Microsoft.Toolkit.Uwp.Notifications.UWP", "Notifications\Microsoft.Toolkit.Uwp.Notifications.UWP\Microsoft.Toolkit.Uwp.Notifications.UWP.csproj", "{FB381278-F4AD-4703-A12A-C43EE0B231BD}"
EndProject
Project("{FAE04EC0-301F-11D3-BF4B-00C04F79EFBC}") = "Microsoft.Toolkit.Uwp.Notifications.WinRT", "Notifications\Microsoft.Toolkit.Uwp.Notifications.WinRT\Microsoft.Toolkit.Uwp.Notifications.WinRT.csproj", "{B63C8A9A-E8F5-4759-8526-9B0D65C4BDB5}"
EndProject
Project("{2150E333-8FDC-42A3-9474-1A3956D46DE8}") = "Notifications", "Notifications", "{9333C63A-F64F-4797-82B3-017422668A5D}"
EndProject
Project("{D954291E-2A0B-460D-934E-DC6B0785DB48}") = "UnitTests.Notifications.Shared", "UnitTests\UnitTests.Notifications.Shared\UnitTests.Notifications.Shared.shproj", "{982CC826-AACD-4855-9075-430BB6CE40A9}"
EndProject
Project("{FAE04EC0-301F-11D3-BF4B-00C04F79EFBC}") = "UnitTests.Notifications.Portable", "UnitTests\UnitTests.Notifications.Portable\UnitTests.Notifications.Portable.csproj", "{4DE12890-5423-43F0-91EE-83ACE11C1F8C}"
EndProject
Project("{FAE04EC0-301F-11D3-BF4B-00C04F79EFBC}") = "UnitTests.Notifications.UWP", "UnitTests\UnitTests.Notifications.UWP\UnitTests.Notifications.UWP.csproj", "{BAB1CAF4-C400-4A7F-A987-C576DE63CFFD}"
EndProject
Global
	GlobalSection(SharedMSBuildProjectFiles) = preSolution
		Notifications\Microsoft.Toolkit.Uwp.Notifications.Shared\Microsoft.Toolkit.Uwp.Notifications.Shared.projitems*{52f9acf2-55e7-4415-92bd-902cf85ce3da}*SharedItemsImports = 4
		Notifications\Microsoft.Toolkit.Uwp.Notifications.Shared\Microsoft.Toolkit.Uwp.Notifications.Shared.projitems*{6e7022e2-3547-4bfa-ae96-e6b11477af16}*SharedItemsImports = 4
		Notifications\Microsoft.Toolkit.Uwp.Notifications.Shared\Microsoft.Toolkit.Uwp.Notifications.Shared.projitems*{8bacd7a9-b205-4adf-bda9-763b30a66576}*SharedItemsImports = 13
		UnitTests\UnitTests.Notifications.Shared\UnitTests.Notifications.Shared.projitems*{982cc826-aacd-4855-9075-430bb6ce40a9}*SharedItemsImports = 13
		Notifications\Microsoft.Toolkit.Uwp.Notifications.Shared\Microsoft.Toolkit.Uwp.Notifications.Shared.projitems*{b63c8a9a-e8f5-4759-8526-9b0d65c4bdb5}*SharedItemsImports = 4
		UnitTests\UnitTests.Notifications.Shared\UnitTests.Notifications.Shared.projitems*{bab1caf4-c400-4a7f-a987-c576de63cffd}*SharedItemsImports = 4
		Notifications\Microsoft.Toolkit.Uwp.Notifications.Shared\Microsoft.Toolkit.Uwp.Notifications.Shared.projitems*{fb381278-f4ad-4703-a12a-c43ee0b231bd}*SharedItemsImports = 4
	EndGlobalSection
	GlobalSection(SolutionConfigurationPlatforms) = preSolution
		Debug|Any CPU = Debug|Any CPU
		Debug|ARM = Debug|ARM
		Debug|x64 = Debug|x64
		Debug|x86 = Debug|x86
		Publish|Any CPU = Publish|Any CPU
		Publish|ARM = Publish|ARM
		Publish|x64 = Publish|x64
		Publish|x86 = Publish|x86
		Release|Any CPU = Release|Any CPU
		Release|ARM = Release|ARM
		Release|x64 = Release|x64
		Release|x86 = Release|x86
	EndGlobalSection
	GlobalSection(ProjectConfigurationPlatforms) = postSolution
		{805F80DF-75C6-4C2F-8FD9-B47F6D0DF5A3}.Debug|Any CPU.ActiveCfg = Debug|Any CPU
		{805F80DF-75C6-4C2F-8FD9-B47F6D0DF5A3}.Debug|Any CPU.Build.0 = Debug|Any CPU
		{805F80DF-75C6-4C2F-8FD9-B47F6D0DF5A3}.Debug|ARM.ActiveCfg = Debug|Any CPU
		{805F80DF-75C6-4C2F-8FD9-B47F6D0DF5A3}.Debug|ARM.Build.0 = Debug|Any CPU
		{805F80DF-75C6-4C2F-8FD9-B47F6D0DF5A3}.Debug|x64.ActiveCfg = Debug|Any CPU
		{805F80DF-75C6-4C2F-8FD9-B47F6D0DF5A3}.Debug|x64.Build.0 = Debug|Any CPU
		{805F80DF-75C6-4C2F-8FD9-B47F6D0DF5A3}.Debug|x86.ActiveCfg = Debug|Any CPU
		{805F80DF-75C6-4C2F-8FD9-B47F6D0DF5A3}.Debug|x86.Build.0 = Debug|Any CPU
		{805F80DF-75C6-4C2F-8FD9-B47F6D0DF5A3}.Publish|Any CPU.ActiveCfg = Publish|Any CPU
		{805F80DF-75C6-4C2F-8FD9-B47F6D0DF5A3}.Publish|Any CPU.Build.0 = Publish|Any CPU
		{805F80DF-75C6-4C2F-8FD9-B47F6D0DF5A3}.Publish|ARM.ActiveCfg = Publish|Any CPU
		{805F80DF-75C6-4C2F-8FD9-B47F6D0DF5A3}.Publish|ARM.Build.0 = Publish|Any CPU
		{805F80DF-75C6-4C2F-8FD9-B47F6D0DF5A3}.Publish|x64.ActiveCfg = Publish|Any CPU
		{805F80DF-75C6-4C2F-8FD9-B47F6D0DF5A3}.Publish|x64.Build.0 = Publish|Any CPU
		{805F80DF-75C6-4C2F-8FD9-B47F6D0DF5A3}.Publish|x86.ActiveCfg = Publish|Any CPU
		{805F80DF-75C6-4C2F-8FD9-B47F6D0DF5A3}.Publish|x86.Build.0 = Publish|Any CPU
		{805F80DF-75C6-4C2F-8FD9-B47F6D0DF5A3}.Release|Any CPU.ActiveCfg = Release|Any CPU
		{805F80DF-75C6-4C2F-8FD9-B47F6D0DF5A3}.Release|Any CPU.Build.0 = Release|Any CPU
		{805F80DF-75C6-4C2F-8FD9-B47F6D0DF5A3}.Release|ARM.ActiveCfg = Release|Any CPU
		{805F80DF-75C6-4C2F-8FD9-B47F6D0DF5A3}.Release|ARM.Build.0 = Release|Any CPU
		{805F80DF-75C6-4C2F-8FD9-B47F6D0DF5A3}.Release|x64.ActiveCfg = Release|Any CPU
		{805F80DF-75C6-4C2F-8FD9-B47F6D0DF5A3}.Release|x64.Build.0 = Release|Any CPU
		{805F80DF-75C6-4C2F-8FD9-B47F6D0DF5A3}.Release|x86.ActiveCfg = Release|Any CPU
		{805F80DF-75C6-4C2F-8FD9-B47F6D0DF5A3}.Release|x86.Build.0 = Release|Any CPU
		{A139968E-AD78-4E8C-93B8-9A5523BCAC89}.Debug|Any CPU.ActiveCfg = Debug|x86
		{A139968E-AD78-4E8C-93B8-9A5523BCAC89}.Debug|Any CPU.Build.0 = Debug|x86
		{A139968E-AD78-4E8C-93B8-9A5523BCAC89}.Debug|ARM.ActiveCfg = Debug|ARM
		{A139968E-AD78-4E8C-93B8-9A5523BCAC89}.Debug|ARM.Build.0 = Debug|ARM
		{A139968E-AD78-4E8C-93B8-9A5523BCAC89}.Debug|ARM.Deploy.0 = Debug|ARM
		{A139968E-AD78-4E8C-93B8-9A5523BCAC89}.Debug|x64.ActiveCfg = Debug|x64
		{A139968E-AD78-4E8C-93B8-9A5523BCAC89}.Debug|x64.Build.0 = Debug|x64
		{A139968E-AD78-4E8C-93B8-9A5523BCAC89}.Debug|x64.Deploy.0 = Debug|x64
		{A139968E-AD78-4E8C-93B8-9A5523BCAC89}.Debug|x86.ActiveCfg = Debug|x86
		{A139968E-AD78-4E8C-93B8-9A5523BCAC89}.Debug|x86.Build.0 = Debug|x86
		{A139968E-AD78-4E8C-93B8-9A5523BCAC89}.Debug|x86.Deploy.0 = Debug|x86
		{A139968E-AD78-4E8C-93B8-9A5523BCAC89}.Publish|Any CPU.ActiveCfg = Publish|x86
		{A139968E-AD78-4E8C-93B8-9A5523BCAC89}.Publish|ARM.ActiveCfg = Publish|ARM
		{A139968E-AD78-4E8C-93B8-9A5523BCAC89}.Publish|x64.ActiveCfg = Publish|x64
		{A139968E-AD78-4E8C-93B8-9A5523BCAC89}.Publish|x86.ActiveCfg = Publish|x86
		{A139968E-AD78-4E8C-93B8-9A5523BCAC89}.Release|Any CPU.ActiveCfg = Release|x86
		{A139968E-AD78-4E8C-93B8-9A5523BCAC89}.Release|ARM.ActiveCfg = Release|ARM
		{A139968E-AD78-4E8C-93B8-9A5523BCAC89}.Release|ARM.Build.0 = Release|ARM
		{A139968E-AD78-4E8C-93B8-9A5523BCAC89}.Release|ARM.Deploy.0 = Release|ARM
		{A139968E-AD78-4E8C-93B8-9A5523BCAC89}.Release|x64.ActiveCfg = Release|x64
		{A139968E-AD78-4E8C-93B8-9A5523BCAC89}.Release|x64.Build.0 = Release|x64
		{A139968E-AD78-4E8C-93B8-9A5523BCAC89}.Release|x64.Deploy.0 = Release|x64
		{A139968E-AD78-4E8C-93B8-9A5523BCAC89}.Release|x86.ActiveCfg = Release|x86
		{A139968E-AD78-4E8C-93B8-9A5523BCAC89}.Release|x86.Build.0 = Release|x86
		{A139968E-AD78-4E8C-93B8-9A5523BCAC89}.Release|x86.Deploy.0 = Release|x86
		{3DD8AA7C-3569-4E51-992F-0C2257E8878E}.Debug|Any CPU.ActiveCfg = Debug|Any CPU
		{3DD8AA7C-3569-4E51-992F-0C2257E8878E}.Debug|Any CPU.Build.0 = Debug|Any CPU
		{3DD8AA7C-3569-4E51-992F-0C2257E8878E}.Debug|ARM.ActiveCfg = Debug|Any CPU
		{3DD8AA7C-3569-4E51-992F-0C2257E8878E}.Debug|ARM.Build.0 = Debug|Any CPU
		{3DD8AA7C-3569-4E51-992F-0C2257E8878E}.Debug|x64.ActiveCfg = Debug|Any CPU
		{3DD8AA7C-3569-4E51-992F-0C2257E8878E}.Debug|x64.Build.0 = Debug|Any CPU
		{3DD8AA7C-3569-4E51-992F-0C2257E8878E}.Debug|x86.ActiveCfg = Debug|Any CPU
		{3DD8AA7C-3569-4E51-992F-0C2257E8878E}.Debug|x86.Build.0 = Debug|Any CPU
		{3DD8AA7C-3569-4E51-992F-0C2257E8878E}.Publish|Any CPU.ActiveCfg = Publish|Any CPU
		{3DD8AA7C-3569-4E51-992F-0C2257E8878E}.Publish|Any CPU.Build.0 = Publish|Any CPU
		{3DD8AA7C-3569-4E51-992F-0C2257E8878E}.Publish|ARM.ActiveCfg = Publish|Any CPU
		{3DD8AA7C-3569-4E51-992F-0C2257E8878E}.Publish|ARM.Build.0 = Publish|Any CPU
		{3DD8AA7C-3569-4E51-992F-0C2257E8878E}.Publish|x64.ActiveCfg = Publish|Any CPU
		{3DD8AA7C-3569-4E51-992F-0C2257E8878E}.Publish|x64.Build.0 = Publish|Any CPU
		{3DD8AA7C-3569-4E51-992F-0C2257E8878E}.Publish|x86.ActiveCfg = Publish|Any CPU
		{3DD8AA7C-3569-4E51-992F-0C2257E8878E}.Publish|x86.Build.0 = Publish|Any CPU
		{3DD8AA7C-3569-4E51-992F-0C2257E8878E}.Release|Any CPU.ActiveCfg = Release|Any CPU
		{3DD8AA7C-3569-4E51-992F-0C2257E8878E}.Release|Any CPU.Build.0 = Release|Any CPU
		{3DD8AA7C-3569-4E51-992F-0C2257E8878E}.Release|ARM.ActiveCfg = Release|Any CPU
		{3DD8AA7C-3569-4E51-992F-0C2257E8878E}.Release|ARM.Build.0 = Release|Any CPU
		{3DD8AA7C-3569-4E51-992F-0C2257E8878E}.Release|x64.ActiveCfg = Release|Any CPU
		{3DD8AA7C-3569-4E51-992F-0C2257E8878E}.Release|x64.Build.0 = Release|Any CPU
		{3DD8AA7C-3569-4E51-992F-0C2257E8878E}.Release|x86.ActiveCfg = Release|Any CPU
		{3DD8AA7C-3569-4E51-992F-0C2257E8878E}.Release|x86.Build.0 = Release|Any CPU
		{B24A296C-B3EB-4E06-A64E-74AC2D1ACC91}.Debug|Any CPU.ActiveCfg = Debug|Any CPU
		{B24A296C-B3EB-4E06-A64E-74AC2D1ACC91}.Debug|Any CPU.Build.0 = Debug|Any CPU
		{B24A296C-B3EB-4E06-A64E-74AC2D1ACC91}.Debug|ARM.ActiveCfg = Debug|Any CPU
		{B24A296C-B3EB-4E06-A64E-74AC2D1ACC91}.Debug|ARM.Build.0 = Debug|Any CPU
		{B24A296C-B3EB-4E06-A64E-74AC2D1ACC91}.Debug|x64.ActiveCfg = Debug|Any CPU
		{B24A296C-B3EB-4E06-A64E-74AC2D1ACC91}.Debug|x64.Build.0 = Debug|Any CPU
		{B24A296C-B3EB-4E06-A64E-74AC2D1ACC91}.Debug|x86.ActiveCfg = Debug|Any CPU
		{B24A296C-B3EB-4E06-A64E-74AC2D1ACC91}.Debug|x86.Build.0 = Debug|Any CPU
		{B24A296C-B3EB-4E06-A64E-74AC2D1ACC91}.Publish|Any CPU.ActiveCfg = Publish|Any CPU
		{B24A296C-B3EB-4E06-A64E-74AC2D1ACC91}.Publish|Any CPU.Build.0 = Publish|Any CPU
		{B24A296C-B3EB-4E06-A64E-74AC2D1ACC91}.Publish|ARM.ActiveCfg = Publish|Any CPU
		{B24A296C-B3EB-4E06-A64E-74AC2D1ACC91}.Publish|ARM.Build.0 = Publish|Any CPU
		{B24A296C-B3EB-4E06-A64E-74AC2D1ACC91}.Publish|x64.ActiveCfg = Publish|Any CPU
		{B24A296C-B3EB-4E06-A64E-74AC2D1ACC91}.Publish|x64.Build.0 = Publish|Any CPU
		{B24A296C-B3EB-4E06-A64E-74AC2D1ACC91}.Publish|x86.ActiveCfg = Publish|Any CPU
		{B24A296C-B3EB-4E06-A64E-74AC2D1ACC91}.Publish|x86.Build.0 = Publish|Any CPU
		{B24A296C-B3EB-4E06-A64E-74AC2D1ACC91}.Release|Any CPU.ActiveCfg = Release|Any CPU
		{B24A296C-B3EB-4E06-A64E-74AC2D1ACC91}.Release|Any CPU.Build.0 = Release|Any CPU
		{B24A296C-B3EB-4E06-A64E-74AC2D1ACC91}.Release|ARM.ActiveCfg = Release|Any CPU
		{B24A296C-B3EB-4E06-A64E-74AC2D1ACC91}.Release|ARM.Build.0 = Release|Any CPU
		{B24A296C-B3EB-4E06-A64E-74AC2D1ACC91}.Release|x64.ActiveCfg = Release|Any CPU
		{B24A296C-B3EB-4E06-A64E-74AC2D1ACC91}.Release|x64.Build.0 = Release|Any CPU
		{B24A296C-B3EB-4E06-A64E-74AC2D1ACC91}.Release|x86.ActiveCfg = Release|Any CPU
		{B24A296C-B3EB-4E06-A64E-74AC2D1ACC91}.Release|x86.Build.0 = Release|Any CPU
		{719C43C6-8753-4395-ADAA-2FCC70F76BF3}.Debug|Any CPU.ActiveCfg = Debug|x86
		{719C43C6-8753-4395-ADAA-2FCC70F76BF3}.Debug|Any CPU.Build.0 = Debug|x86
		{719C43C6-8753-4395-ADAA-2FCC70F76BF3}.Debug|Any CPU.Deploy.0 = Debug|x86
		{719C43C6-8753-4395-ADAA-2FCC70F76BF3}.Debug|ARM.ActiveCfg = Debug|ARM
		{719C43C6-8753-4395-ADAA-2FCC70F76BF3}.Debug|ARM.Build.0 = Debug|ARM
		{719C43C6-8753-4395-ADAA-2FCC70F76BF3}.Debug|ARM.Deploy.0 = Debug|ARM
		{719C43C6-8753-4395-ADAA-2FCC70F76BF3}.Debug|x64.ActiveCfg = Debug|x64
		{719C43C6-8753-4395-ADAA-2FCC70F76BF3}.Debug|x64.Build.0 = Debug|x64
		{719C43C6-8753-4395-ADAA-2FCC70F76BF3}.Debug|x64.Deploy.0 = Debug|x64
		{719C43C6-8753-4395-ADAA-2FCC70F76BF3}.Debug|x86.ActiveCfg = Debug|x86
		{719C43C6-8753-4395-ADAA-2FCC70F76BF3}.Debug|x86.Build.0 = Debug|x86
		{719C43C6-8753-4395-ADAA-2FCC70F76BF3}.Debug|x86.Deploy.0 = Debug|x86
		{719C43C6-8753-4395-ADAA-2FCC70F76BF3}.Publish|Any CPU.ActiveCfg = Publish|x86
		{719C43C6-8753-4395-ADAA-2FCC70F76BF3}.Publish|ARM.ActiveCfg = Publish|ARM
		{719C43C6-8753-4395-ADAA-2FCC70F76BF3}.Publish|ARM.Build.0 = Publish|ARM
		{719C43C6-8753-4395-ADAA-2FCC70F76BF3}.Publish|ARM.Deploy.0 = Publish|ARM
		{719C43C6-8753-4395-ADAA-2FCC70F76BF3}.Publish|x64.ActiveCfg = Publish|x64
		{719C43C6-8753-4395-ADAA-2FCC70F76BF3}.Publish|x64.Build.0 = Publish|x64
		{719C43C6-8753-4395-ADAA-2FCC70F76BF3}.Publish|x64.Deploy.0 = Publish|x64
		{719C43C6-8753-4395-ADAA-2FCC70F76BF3}.Publish|x86.ActiveCfg = Publish|x86
		{719C43C6-8753-4395-ADAA-2FCC70F76BF3}.Publish|x86.Build.0 = Publish|x86
		{719C43C6-8753-4395-ADAA-2FCC70F76BF3}.Publish|x86.Deploy.0 = Publish|x86
		{719C43C6-8753-4395-ADAA-2FCC70F76BF3}.Release|Any CPU.ActiveCfg = Release|x86
		{719C43C6-8753-4395-ADAA-2FCC70F76BF3}.Release|ARM.ActiveCfg = Release|ARM
		{719C43C6-8753-4395-ADAA-2FCC70F76BF3}.Release|ARM.Build.0 = Release|ARM
		{719C43C6-8753-4395-ADAA-2FCC70F76BF3}.Release|ARM.Deploy.0 = Release|ARM
		{719C43C6-8753-4395-ADAA-2FCC70F76BF3}.Release|x64.ActiveCfg = Release|x64
		{719C43C6-8753-4395-ADAA-2FCC70F76BF3}.Release|x64.Build.0 = Release|x64
		{719C43C6-8753-4395-ADAA-2FCC70F76BF3}.Release|x64.Deploy.0 = Release|x64
		{719C43C6-8753-4395-ADAA-2FCC70F76BF3}.Release|x86.ActiveCfg = Release|x86
		{719C43C6-8753-4395-ADAA-2FCC70F76BF3}.Release|x86.Build.0 = Release|x86
		{719C43C6-8753-4395-ADAA-2FCC70F76BF3}.Release|x86.Deploy.0 = Release|x86
		{7189A42D-6F1A-4FA3-8E00-E2C14FDF167A}.Debug|Any CPU.ActiveCfg = Debug|Any CPU
		{7189A42D-6F1A-4FA3-8E00-E2C14FDF167A}.Debug|Any CPU.Build.0 = Debug|Any CPU
		{7189A42D-6F1A-4FA3-8E00-E2C14FDF167A}.Debug|ARM.ActiveCfg = Debug|Any CPU
		{7189A42D-6F1A-4FA3-8E00-E2C14FDF167A}.Debug|ARM.Build.0 = Debug|Any CPU
		{7189A42D-6F1A-4FA3-8E00-E2C14FDF167A}.Debug|x64.ActiveCfg = Debug|Any CPU
		{7189A42D-6F1A-4FA3-8E00-E2C14FDF167A}.Debug|x64.Build.0 = Debug|Any CPU
		{7189A42D-6F1A-4FA3-8E00-E2C14FDF167A}.Debug|x86.ActiveCfg = Debug|Any CPU
		{7189A42D-6F1A-4FA3-8E00-E2C14FDF167A}.Debug|x86.Build.0 = Debug|Any CPU
		{7189A42D-6F1A-4FA3-8E00-E2C14FDF167A}.Publish|Any CPU.ActiveCfg = Publish|Any CPU
		{7189A42D-6F1A-4FA3-8E00-E2C14FDF167A}.Publish|Any CPU.Build.0 = Publish|Any CPU
		{7189A42D-6F1A-4FA3-8E00-E2C14FDF167A}.Publish|ARM.ActiveCfg = Publish|Any CPU
		{7189A42D-6F1A-4FA3-8E00-E2C14FDF167A}.Publish|ARM.Build.0 = Publish|Any CPU
		{7189A42D-6F1A-4FA3-8E00-E2C14FDF167A}.Publish|x64.ActiveCfg = Publish|Any CPU
		{7189A42D-6F1A-4FA3-8E00-E2C14FDF167A}.Publish|x64.Build.0 = Publish|Any CPU
		{7189A42D-6F1A-4FA3-8E00-E2C14FDF167A}.Publish|x86.ActiveCfg = Publish|Any CPU
		{7189A42D-6F1A-4FA3-8E00-E2C14FDF167A}.Publish|x86.Build.0 = Publish|Any CPU
		{7189A42D-6F1A-4FA3-8E00-E2C14FDF167A}.Release|Any CPU.ActiveCfg = Release|Any CPU
		{7189A42D-6F1A-4FA3-8E00-E2C14FDF167A}.Release|Any CPU.Build.0 = Release|Any CPU
		{7189A42D-6F1A-4FA3-8E00-E2C14FDF167A}.Release|ARM.ActiveCfg = Release|Any CPU
		{7189A42D-6F1A-4FA3-8E00-E2C14FDF167A}.Release|ARM.Build.0 = Release|Any CPU
		{7189A42D-6F1A-4FA3-8E00-E2C14FDF167A}.Release|x64.ActiveCfg = Release|Any CPU
		{7189A42D-6F1A-4FA3-8E00-E2C14FDF167A}.Release|x64.Build.0 = Release|Any CPU
		{7189A42D-6F1A-4FA3-8E00-E2C14FDF167A}.Release|x86.ActiveCfg = Release|Any CPU
		{7189A42D-6F1A-4FA3-8E00-E2C14FDF167A}.Release|x86.Build.0 = Release|Any CPU
		{E9FAABFB-D726-42C1-83C1-CB46A29FEA81}.Debug|Any CPU.ActiveCfg = Debug|Any CPU
		{E9FAABFB-D726-42C1-83C1-CB46A29FEA81}.Debug|Any CPU.Build.0 = Debug|Any CPU
		{E9FAABFB-D726-42C1-83C1-CB46A29FEA81}.Debug|ARM.ActiveCfg = Debug|Any CPU
		{E9FAABFB-D726-42C1-83C1-CB46A29FEA81}.Debug|ARM.Build.0 = Debug|Any CPU
		{E9FAABFB-D726-42C1-83C1-CB46A29FEA81}.Debug|x64.ActiveCfg = Debug|Any CPU
		{E9FAABFB-D726-42C1-83C1-CB46A29FEA81}.Debug|x64.Build.0 = Debug|Any CPU
		{E9FAABFB-D726-42C1-83C1-CB46A29FEA81}.Debug|x86.ActiveCfg = Debug|Any CPU
		{E9FAABFB-D726-42C1-83C1-CB46A29FEA81}.Debug|x86.Build.0 = Debug|Any CPU
		{E9FAABFB-D726-42C1-83C1-CB46A29FEA81}.Publish|Any CPU.ActiveCfg = Publish|Any CPU
		{E9FAABFB-D726-42C1-83C1-CB46A29FEA81}.Publish|Any CPU.Build.0 = Publish|Any CPU
		{E9FAABFB-D726-42C1-83C1-CB46A29FEA81}.Publish|ARM.ActiveCfg = Publish|Any CPU
		{E9FAABFB-D726-42C1-83C1-CB46A29FEA81}.Publish|ARM.Build.0 = Publish|Any CPU
		{E9FAABFB-D726-42C1-83C1-CB46A29FEA81}.Publish|x64.ActiveCfg = Publish|Any CPU
		{E9FAABFB-D726-42C1-83C1-CB46A29FEA81}.Publish|x64.Build.0 = Publish|Any CPU
		{E9FAABFB-D726-42C1-83C1-CB46A29FEA81}.Publish|x86.ActiveCfg = Publish|Any CPU
		{E9FAABFB-D726-42C1-83C1-CB46A29FEA81}.Publish|x86.Build.0 = Publish|Any CPU
		{E9FAABFB-D726-42C1-83C1-CB46A29FEA81}.Release|Any CPU.ActiveCfg = Release|Any CPU
		{E9FAABFB-D726-42C1-83C1-CB46A29FEA81}.Release|Any CPU.Build.0 = Release|Any CPU
		{E9FAABFB-D726-42C1-83C1-CB46A29FEA81}.Release|ARM.ActiveCfg = Release|Any CPU
		{E9FAABFB-D726-42C1-83C1-CB46A29FEA81}.Release|ARM.Build.0 = Release|Any CPU
		{E9FAABFB-D726-42C1-83C1-CB46A29FEA81}.Release|x64.ActiveCfg = Release|Any CPU
		{E9FAABFB-D726-42C1-83C1-CB46A29FEA81}.Release|x64.Build.0 = Release|Any CPU
		{E9FAABFB-D726-42C1-83C1-CB46A29FEA81}.Release|x86.ActiveCfg = Release|Any CPU
		{E9FAABFB-D726-42C1-83C1-CB46A29FEA81}.Release|x86.Build.0 = Release|Any CPU
		{52F9ACF2-55E7-4415-92BD-902CF85CE3DA}.Debug|Any CPU.ActiveCfg = Debug|Any CPU
		{52F9ACF2-55E7-4415-92BD-902CF85CE3DA}.Debug|Any CPU.Build.0 = Debug|Any CPU
		{52F9ACF2-55E7-4415-92BD-902CF85CE3DA}.Debug|ARM.ActiveCfg = Debug|Any CPU
		{52F9ACF2-55E7-4415-92BD-902CF85CE3DA}.Debug|ARM.Build.0 = Debug|Any CPU
		{52F9ACF2-55E7-4415-92BD-902CF85CE3DA}.Debug|x64.ActiveCfg = Debug|Any CPU
		{52F9ACF2-55E7-4415-92BD-902CF85CE3DA}.Debug|x64.Build.0 = Debug|Any CPU
		{52F9ACF2-55E7-4415-92BD-902CF85CE3DA}.Debug|x86.ActiveCfg = Debug|Any CPU
		{52F9ACF2-55E7-4415-92BD-902CF85CE3DA}.Debug|x86.Build.0 = Debug|Any CPU
		{52F9ACF2-55E7-4415-92BD-902CF85CE3DA}.Publish|Any CPU.ActiveCfg = Publish|Any CPU
		{52F9ACF2-55E7-4415-92BD-902CF85CE3DA}.Publish|Any CPU.Build.0 = Publish|Any CPU
		{52F9ACF2-55E7-4415-92BD-902CF85CE3DA}.Publish|ARM.ActiveCfg = Publish|Any CPU
		{52F9ACF2-55E7-4415-92BD-902CF85CE3DA}.Publish|ARM.Build.0 = Publish|Any CPU
		{52F9ACF2-55E7-4415-92BD-902CF85CE3DA}.Publish|x64.ActiveCfg = Publish|Any CPU
		{52F9ACF2-55E7-4415-92BD-902CF85CE3DA}.Publish|x64.Build.0 = Publish|Any CPU
		{52F9ACF2-55E7-4415-92BD-902CF85CE3DA}.Publish|x86.ActiveCfg = Publish|Any CPU
		{52F9ACF2-55E7-4415-92BD-902CF85CE3DA}.Publish|x86.Build.0 = Publish|Any CPU
		{52F9ACF2-55E7-4415-92BD-902CF85CE3DA}.Release|Any CPU.ActiveCfg = Release|Any CPU
		{52F9ACF2-55E7-4415-92BD-902CF85CE3DA}.Release|Any CPU.Build.0 = Release|Any CPU
		{52F9ACF2-55E7-4415-92BD-902CF85CE3DA}.Release|ARM.ActiveCfg = Release|Any CPU
		{52F9ACF2-55E7-4415-92BD-902CF85CE3DA}.Release|ARM.Build.0 = Release|Any CPU
		{52F9ACF2-55E7-4415-92BD-902CF85CE3DA}.Release|x64.ActiveCfg = Release|Any CPU
		{52F9ACF2-55E7-4415-92BD-902CF85CE3DA}.Release|x64.Build.0 = Release|Any CPU
		{52F9ACF2-55E7-4415-92BD-902CF85CE3DA}.Release|x86.ActiveCfg = Release|Any CPU
		{52F9ACF2-55E7-4415-92BD-902CF85CE3DA}.Release|x86.Build.0 = Release|Any CPU
		{6E7022E2-3547-4BFA-AE96-E6B11477AF16}.Debug|Any CPU.ActiveCfg = Debug|Any CPU
		{6E7022E2-3547-4BFA-AE96-E6B11477AF16}.Debug|Any CPU.Build.0 = Debug|Any CPU
		{6E7022E2-3547-4BFA-AE96-E6B11477AF16}.Debug|ARM.ActiveCfg = Debug|Any CPU
		{6E7022E2-3547-4BFA-AE96-E6B11477AF16}.Debug|ARM.Build.0 = Debug|Any CPU
		{6E7022E2-3547-4BFA-AE96-E6B11477AF16}.Debug|x64.ActiveCfg = Debug|Any CPU
		{6E7022E2-3547-4BFA-AE96-E6B11477AF16}.Debug|x64.Build.0 = Debug|Any CPU
		{6E7022E2-3547-4BFA-AE96-E6B11477AF16}.Debug|x86.ActiveCfg = Debug|Any CPU
		{6E7022E2-3547-4BFA-AE96-E6B11477AF16}.Debug|x86.Build.0 = Debug|Any CPU
		{6E7022E2-3547-4BFA-AE96-E6B11477AF16}.Publish|Any CPU.ActiveCfg = Publish|Any CPU
		{6E7022E2-3547-4BFA-AE96-E6B11477AF16}.Publish|Any CPU.Build.0 = Publish|Any CPU
		{6E7022E2-3547-4BFA-AE96-E6B11477AF16}.Publish|ARM.ActiveCfg = Publish|Any CPU
		{6E7022E2-3547-4BFA-AE96-E6B11477AF16}.Publish|ARM.Build.0 = Publish|Any CPU
		{6E7022E2-3547-4BFA-AE96-E6B11477AF16}.Publish|x64.ActiveCfg = Publish|Any CPU
		{6E7022E2-3547-4BFA-AE96-E6B11477AF16}.Publish|x64.Build.0 = Publish|Any CPU
		{6E7022E2-3547-4BFA-AE96-E6B11477AF16}.Publish|x86.ActiveCfg = Publish|Any CPU
		{6E7022E2-3547-4BFA-AE96-E6B11477AF16}.Publish|x86.Build.0 = Publish|Any CPU
		{6E7022E2-3547-4BFA-AE96-E6B11477AF16}.Release|Any CPU.ActiveCfg = Release|Any CPU
		{6E7022E2-3547-4BFA-AE96-E6B11477AF16}.Release|Any CPU.Build.0 = Release|Any CPU
		{6E7022E2-3547-4BFA-AE96-E6B11477AF16}.Release|ARM.ActiveCfg = Release|Any CPU
		{6E7022E2-3547-4BFA-AE96-E6B11477AF16}.Release|ARM.Build.0 = Release|Any CPU
		{6E7022E2-3547-4BFA-AE96-E6B11477AF16}.Release|x64.ActiveCfg = Release|Any CPU
		{6E7022E2-3547-4BFA-AE96-E6B11477AF16}.Release|x64.Build.0 = Release|Any CPU
		{6E7022E2-3547-4BFA-AE96-E6B11477AF16}.Release|x86.ActiveCfg = Release|Any CPU
		{6E7022E2-3547-4BFA-AE96-E6B11477AF16}.Release|x86.Build.0 = Release|Any CPU
		{FB381278-F4AD-4703-A12A-C43EE0B231BD}.Debug|Any CPU.ActiveCfg = Debug|Any CPU
		{FB381278-F4AD-4703-A12A-C43EE0B231BD}.Debug|Any CPU.Build.0 = Debug|Any CPU
		{FB381278-F4AD-4703-A12A-C43EE0B231BD}.Debug|ARM.ActiveCfg = Debug|Any CPU
		{FB381278-F4AD-4703-A12A-C43EE0B231BD}.Debug|ARM.Build.0 = Debug|Any CPU
		{FB381278-F4AD-4703-A12A-C43EE0B231BD}.Debug|x64.ActiveCfg = Debug|Any CPU
		{FB381278-F4AD-4703-A12A-C43EE0B231BD}.Debug|x64.Build.0 = Debug|Any CPU
		{FB381278-F4AD-4703-A12A-C43EE0B231BD}.Debug|x86.ActiveCfg = Debug|Any CPU
		{FB381278-F4AD-4703-A12A-C43EE0B231BD}.Debug|x86.Build.0 = Debug|Any CPU
		{FB381278-F4AD-4703-A12A-C43EE0B231BD}.Publish|Any CPU.ActiveCfg = Publish|Any CPU
		{FB381278-F4AD-4703-A12A-C43EE0B231BD}.Publish|Any CPU.Build.0 = Publish|Any CPU
		{FB381278-F4AD-4703-A12A-C43EE0B231BD}.Publish|ARM.ActiveCfg = Publish|Any CPU
		{FB381278-F4AD-4703-A12A-C43EE0B231BD}.Publish|ARM.Build.0 = Publish|Any CPU
		{FB381278-F4AD-4703-A12A-C43EE0B231BD}.Publish|x64.ActiveCfg = Publish|Any CPU
		{FB381278-F4AD-4703-A12A-C43EE0B231BD}.Publish|x64.Build.0 = Publish|Any CPU
		{FB381278-F4AD-4703-A12A-C43EE0B231BD}.Publish|x86.ActiveCfg = Publish|Any CPU
		{FB381278-F4AD-4703-A12A-C43EE0B231BD}.Publish|x86.Build.0 = Publish|Any CPU
		{FB381278-F4AD-4703-A12A-C43EE0B231BD}.Release|Any CPU.ActiveCfg = Release|Any CPU
		{FB381278-F4AD-4703-A12A-C43EE0B231BD}.Release|Any CPU.Build.0 = Release|Any CPU
		{FB381278-F4AD-4703-A12A-C43EE0B231BD}.Release|ARM.ActiveCfg = Release|Any CPU
		{FB381278-F4AD-4703-A12A-C43EE0B231BD}.Release|ARM.Build.0 = Release|Any CPU
		{FB381278-F4AD-4703-A12A-C43EE0B231BD}.Release|x64.ActiveCfg = Release|Any CPU
		{FB381278-F4AD-4703-A12A-C43EE0B231BD}.Release|x64.Build.0 = Release|Any CPU
		{FB381278-F4AD-4703-A12A-C43EE0B231BD}.Release|x86.ActiveCfg = Release|Any CPU
		{FB381278-F4AD-4703-A12A-C43EE0B231BD}.Release|x86.Build.0 = Release|Any CPU
		{B63C8A9A-E8F5-4759-8526-9B0D65C4BDB5}.Debug|Any CPU.ActiveCfg = Debug|Any CPU
		{B63C8A9A-E8F5-4759-8526-9B0D65C4BDB5}.Debug|Any CPU.Build.0 = Debug|Any CPU
		{B63C8A9A-E8F5-4759-8526-9B0D65C4BDB5}.Debug|ARM.ActiveCfg = Debug|Any CPU
		{B63C8A9A-E8F5-4759-8526-9B0D65C4BDB5}.Debug|ARM.Build.0 = Debug|Any CPU
		{B63C8A9A-E8F5-4759-8526-9B0D65C4BDB5}.Debug|x64.ActiveCfg = Debug|Any CPU
		{B63C8A9A-E8F5-4759-8526-9B0D65C4BDB5}.Debug|x64.Build.0 = Debug|Any CPU
		{B63C8A9A-E8F5-4759-8526-9B0D65C4BDB5}.Debug|x86.ActiveCfg = Debug|Any CPU
		{B63C8A9A-E8F5-4759-8526-9B0D65C4BDB5}.Debug|x86.Build.0 = Debug|Any CPU
		{B63C8A9A-E8F5-4759-8526-9B0D65C4BDB5}.Publish|Any CPU.ActiveCfg = Publish|Any CPU
		{B63C8A9A-E8F5-4759-8526-9B0D65C4BDB5}.Publish|Any CPU.Build.0 = Publish|Any CPU
		{B63C8A9A-E8F5-4759-8526-9B0D65C4BDB5}.Publish|ARM.ActiveCfg = Publish|Any CPU
		{B63C8A9A-E8F5-4759-8526-9B0D65C4BDB5}.Publish|ARM.Build.0 = Publish|Any CPU
		{B63C8A9A-E8F5-4759-8526-9B0D65C4BDB5}.Publish|x64.ActiveCfg = Publish|Any CPU
		{B63C8A9A-E8F5-4759-8526-9B0D65C4BDB5}.Publish|x64.Build.0 = Publish|Any CPU
		{B63C8A9A-E8F5-4759-8526-9B0D65C4BDB5}.Publish|x86.ActiveCfg = Publish|Any CPU
		{B63C8A9A-E8F5-4759-8526-9B0D65C4BDB5}.Publish|x86.Build.0 = Publish|Any CPU
		{B63C8A9A-E8F5-4759-8526-9B0D65C4BDB5}.Release|Any CPU.ActiveCfg = Release|Any CPU
		{B63C8A9A-E8F5-4759-8526-9B0D65C4BDB5}.Release|Any CPU.Build.0 = Release|Any CPU
		{B63C8A9A-E8F5-4759-8526-9B0D65C4BDB5}.Release|ARM.ActiveCfg = Release|Any CPU
		{B63C8A9A-E8F5-4759-8526-9B0D65C4BDB5}.Release|ARM.Build.0 = Release|Any CPU
		{B63C8A9A-E8F5-4759-8526-9B0D65C4BDB5}.Release|x64.ActiveCfg = Release|Any CPU
		{B63C8A9A-E8F5-4759-8526-9B0D65C4BDB5}.Release|x64.Build.0 = Release|Any CPU
		{B63C8A9A-E8F5-4759-8526-9B0D65C4BDB5}.Release|x86.ActiveCfg = Release|Any CPU
		{B63C8A9A-E8F5-4759-8526-9B0D65C4BDB5}.Release|x86.Build.0 = Release|Any CPU
		{4DE12890-5423-43F0-91EE-83ACE11C1F8C}.Debug|Any CPU.ActiveCfg = Debug|Any CPU
		{4DE12890-5423-43F0-91EE-83ACE11C1F8C}.Debug|Any CPU.Build.0 = Debug|Any CPU
		{4DE12890-5423-43F0-91EE-83ACE11C1F8C}.Debug|ARM.ActiveCfg = Debug|Any CPU
		{4DE12890-5423-43F0-91EE-83ACE11C1F8C}.Debug|ARM.Build.0 = Debug|Any CPU
		{4DE12890-5423-43F0-91EE-83ACE11C1F8C}.Debug|x64.ActiveCfg = Debug|Any CPU
		{4DE12890-5423-43F0-91EE-83ACE11C1F8C}.Debug|x64.Build.0 = Debug|Any CPU
		{4DE12890-5423-43F0-91EE-83ACE11C1F8C}.Debug|x86.ActiveCfg = Debug|Any CPU
		{4DE12890-5423-43F0-91EE-83ACE11C1F8C}.Debug|x86.Build.0 = Debug|Any CPU
		{4DE12890-5423-43F0-91EE-83ACE11C1F8C}.Publish|Any CPU.ActiveCfg = Publish|Any CPU
		{4DE12890-5423-43F0-91EE-83ACE11C1F8C}.Publish|Any CPU.Build.0 = Publish|Any CPU
		{4DE12890-5423-43F0-91EE-83ACE11C1F8C}.Publish|ARM.ActiveCfg = Publish|Any CPU
		{4DE12890-5423-43F0-91EE-83ACE11C1F8C}.Publish|ARM.Build.0 = Publish|Any CPU
		{4DE12890-5423-43F0-91EE-83ACE11C1F8C}.Publish|x64.ActiveCfg = Publish|Any CPU
		{4DE12890-5423-43F0-91EE-83ACE11C1F8C}.Publish|x64.Build.0 = Publish|Any CPU
		{4DE12890-5423-43F0-91EE-83ACE11C1F8C}.Publish|x86.ActiveCfg = Publish|Any CPU
		{4DE12890-5423-43F0-91EE-83ACE11C1F8C}.Release|Any CPU.ActiveCfg = Release|Any CPU
		{4DE12890-5423-43F0-91EE-83ACE11C1F8C}.Release|Any CPU.Build.0 = Release|Any CPU
		{4DE12890-5423-43F0-91EE-83ACE11C1F8C}.Release|ARM.ActiveCfg = Release|Any CPU
		{4DE12890-5423-43F0-91EE-83ACE11C1F8C}.Release|ARM.Build.0 = Release|Any CPU
		{4DE12890-5423-43F0-91EE-83ACE11C1F8C}.Release|x64.ActiveCfg = Release|Any CPU
		{4DE12890-5423-43F0-91EE-83ACE11C1F8C}.Release|x64.Build.0 = Release|Any CPU
		{4DE12890-5423-43F0-91EE-83ACE11C1F8C}.Release|x86.ActiveCfg = Release|Any CPU
		{4DE12890-5423-43F0-91EE-83ACE11C1F8C}.Release|x86.Build.0 = Release|Any CPU
		{BAB1CAF4-C400-4A7F-A987-C576DE63CFFD}.Debug|Any CPU.ActiveCfg = Debug|x86
		{BAB1CAF4-C400-4A7F-A987-C576DE63CFFD}.Debug|Any CPU.Build.0 = Debug|x86
		{BAB1CAF4-C400-4A7F-A987-C576DE63CFFD}.Debug|ARM.ActiveCfg = Debug|ARM
		{BAB1CAF4-C400-4A7F-A987-C576DE63CFFD}.Debug|ARM.Build.0 = Debug|ARM
		{BAB1CAF4-C400-4A7F-A987-C576DE63CFFD}.Debug|ARM.Deploy.0 = Debug|ARM
		{BAB1CAF4-C400-4A7F-A987-C576DE63CFFD}.Debug|x64.ActiveCfg = Debug|x64
		{BAB1CAF4-C400-4A7F-A987-C576DE63CFFD}.Debug|x64.Build.0 = Debug|x64
		{BAB1CAF4-C400-4A7F-A987-C576DE63CFFD}.Debug|x64.Deploy.0 = Debug|x64
		{BAB1CAF4-C400-4A7F-A987-C576DE63CFFD}.Debug|x86.ActiveCfg = Debug|x86
		{BAB1CAF4-C400-4A7F-A987-C576DE63CFFD}.Debug|x86.Build.0 = Debug|x86
		{BAB1CAF4-C400-4A7F-A987-C576DE63CFFD}.Debug|x86.Deploy.0 = Debug|x86
		{BAB1CAF4-C400-4A7F-A987-C576DE63CFFD}.Publish|Any CPU.ActiveCfg = Publish|x86
		{BAB1CAF4-C400-4A7F-A987-C576DE63CFFD}.Publish|ARM.ActiveCfg = Publish|ARM
		{BAB1CAF4-C400-4A7F-A987-C576DE63CFFD}.Publish|x64.ActiveCfg = Publish|x64
		{BAB1CAF4-C400-4A7F-A987-C576DE63CFFD}.Publish|x86.ActiveCfg = Publish|x86
		{BAB1CAF4-C400-4A7F-A987-C576DE63CFFD}.Release|Any CPU.ActiveCfg = Release|x86
		{BAB1CAF4-C400-4A7F-A987-C576DE63CFFD}.Release|ARM.ActiveCfg = Release|ARM
		{BAB1CAF4-C400-4A7F-A987-C576DE63CFFD}.Release|ARM.Build.0 = Release|ARM
		{BAB1CAF4-C400-4A7F-A987-C576DE63CFFD}.Release|ARM.Deploy.0 = Release|ARM
		{BAB1CAF4-C400-4A7F-A987-C576DE63CFFD}.Release|x64.ActiveCfg = Release|x64
		{BAB1CAF4-C400-4A7F-A987-C576DE63CFFD}.Release|x64.Build.0 = Release|x64
		{BAB1CAF4-C400-4A7F-A987-C576DE63CFFD}.Release|x64.Deploy.0 = Release|x64
		{BAB1CAF4-C400-4A7F-A987-C576DE63CFFD}.Release|x86.ActiveCfg = Release|x86
		{BAB1CAF4-C400-4A7F-A987-C576DE63CFFD}.Release|x86.Build.0 = Release|x86
		{BAB1CAF4-C400-4A7F-A987-C576DE63CFFD}.Release|x86.Deploy.0 = Release|x86
	EndGlobalSection
	GlobalSection(SolutionProperties) = preSolution
		HideSolutionNode = FALSE
	EndGlobalSection
	GlobalSection(NestedProjects) = preSolution
		{A139968E-AD78-4E8C-93B8-9A5523BCAC89} = {B30036C4-D514-4E5B-A323-587A061772CE}
		{3DD8AA7C-3569-4E51-992F-0C2257E8878E} = {F1AFFFA7-28FE-4770-BA48-10D76F3E59BC}
		{B24A296C-B3EB-4E06-A64E-74AC2D1ACC91} = {F1AFFFA7-28FE-4770-BA48-10D76F3E59BC}
		{E9FAABFB-D726-42C1-83C1-CB46A29FEA81} = {F1AFFFA7-28FE-4770-BA48-10D76F3E59BC}
		{8BACD7A9-B205-4ADF-BDA9-763B30A66576} = {AC34EA36-5E97-4158-B7A0-3D4BBF1BAA54}
		{52F9ACF2-55E7-4415-92BD-902CF85CE3DA} = {AC34EA36-5E97-4158-B7A0-3D4BBF1BAA54}
		{6E7022E2-3547-4BFA-AE96-E6B11477AF16} = {AC34EA36-5E97-4158-B7A0-3D4BBF1BAA54}
		{FB381278-F4AD-4703-A12A-C43EE0B231BD} = {AC34EA36-5E97-4158-B7A0-3D4BBF1BAA54}
		{B63C8A9A-E8F5-4759-8526-9B0D65C4BDB5} = {AC34EA36-5E97-4158-B7A0-3D4BBF1BAA54}
		{9333C63A-F64F-4797-82B3-017422668A5D} = {B30036C4-D514-4E5B-A323-587A061772CE}
		{982CC826-AACD-4855-9075-430BB6CE40A9} = {9333C63A-F64F-4797-82B3-017422668A5D}
		{4DE12890-5423-43F0-91EE-83ACE11C1F8C} = {9333C63A-F64F-4797-82B3-017422668A5D}
		{BAB1CAF4-C400-4A7F-A987-C576DE63CFFD} = {9333C63A-F64F-4797-82B3-017422668A5D}
	EndGlobalSection
EndGlobal
