
Microsoft Visual Studio Solution File, Format Version 12.00
# Blend for Visual Studio 14
VisualStudioVersion = 14.0.25420.1
MinimumVisualStudioVersion = 10.0.40219.1
Project("{FAE04EC0-301F-11D3-BF4B-00C04F79EFBC}") = "Microsoft.Windows.Toolkit", "Microsoft.Windows.Toolkit\Microsoft.Windows.Toolkit.csproj", "{805F80DF-75C6-4C2F-8FD9-B47F6D0DF5A3}"
EndProject
Project("{FAE04EC0-301F-11D3-BF4B-00C04F79EFBC}") = "UnitTests", "UnitTests\UnitTests.csproj", "{A139968E-AD78-4E8C-93B8-9A5523BCAC89}"
EndProject
Project("{FAE04EC0-301F-11D3-BF4B-00C04F79EFBC}") = "Microsoft.Windows.Toolkit.UI", "Microsoft.Windows.Toolkit.UI\Microsoft.Windows.Toolkit.UI.csproj", "{3DD8AA7C-3569-4E51-992F-0C2257E8878E}"
EndProject
Project("{FAE04EC0-301F-11D3-BF4B-00C04F79EFBC}") = "Microsoft.Windows.Toolkit.UI.Animations", "Microsoft.Windows.Toolkit.UI.Animations\Microsoft.Windows.Toolkit.UI.Animations.csproj", "{B24A296C-B3EB-4E06-A64E-74AC2D1ACC91}"
EndProject
Project("{2150E333-8FDC-42A3-9474-1A3956D46DE8}") = "UI", "UI", "{F1AFFFA7-28FE-4770-BA48-10D76F3E59BC}"
EndProject
Project("{2150E333-8FDC-42A3-9474-1A3956D46DE8}") = "Tests", "Tests", "{B30036C4-D514-4E5B-A323-587A061772CE}"
EndProject
Project("{FAE04EC0-301F-11D3-BF4B-00C04F79EFBC}") = "Microsoft.Windows.Toolkit.SampleApp", "Microsoft.Windows.Toolkit.SampleApp\Microsoft.Windows.Toolkit.SampleApp.csproj", "{719C43C6-8753-4395-ADAA-2FCC70F76BF3}"
EndProject
Project("{FAE04EC0-301F-11D3-BF4B-00C04F79EFBC}") = "Microsoft.Windows.Toolkit.Services", "Microsoft.Windows.Toolkit.Services\Microsoft.Windows.Toolkit.Services.csproj", "{7189A42D-6F1A-4FA3-8E00-E2C14FDF167A}"
EndProject
Project("{FAE04EC0-301F-11D3-BF4B-00C04F79EFBC}") = "Microsoft.Windows.Toolkit.UI.Controls", "Microsoft.Windows.Toolkit.UI.Controls\Microsoft.Windows.Toolkit.UI.Controls.csproj", "{E9FAABFB-D726-42C1-83C1-CB46A29FEA81}"
EndProject
Project("{FAE04EC0-301F-11D3-BF4B-00C04F79EFBC}") = "Microsoft.Windows.Toolkit.Notifications", "Microsoft.Windows.Toolkit.Notifications\Microsoft.Windows.Toolkit.Notifications.csproj", "{B28A0570-22D1-4D23-9E3F-455AE68F85A8}"
EndProject
Global
	GlobalSection(SolutionConfigurationPlatforms) = preSolution
		Debug|Any CPU = Debug|Any CPU
		Debug|ARM = Debug|ARM
		Debug|x64 = Debug|x64
		Debug|x86 = Debug|x86
		Release|Any CPU = Release|Any CPU
		Release|ARM = Release|ARM
		Release|x64 = Release|x64
		Release|x86 = Release|x86
	EndGlobalSection
	GlobalSection(ProjectConfigurationPlatforms) = postSolution
		{805F80DF-75C6-4C2F-8FD9-B47F6D0DF5A3}.Debug|Any CPU.ActiveCfg = Debug|Any CPU
		{805F80DF-75C6-4C2F-8FD9-B47F6D0DF5A3}.Debug|Any CPU.Build.0 = Debug|Any CPU
		{805F80DF-75C6-4C2F-8FD9-B47F6D0DF5A3}.Debug|ARM.ActiveCfg = Debug|Any CPU
		{805F80DF-75C6-4C2F-8FD9-B47F6D0DF5A3}.Debug|ARM.Build.0 = Debug|Any CPU
		{805F80DF-75C6-4C2F-8FD9-B47F6D0DF5A3}.Debug|x64.ActiveCfg = Debug|Any CPU
		{805F80DF-75C6-4C2F-8FD9-B47F6D0DF5A3}.Debug|x64.Build.0 = Debug|Any CPU
		{805F80DF-75C6-4C2F-8FD9-B47F6D0DF5A3}.Debug|x86.ActiveCfg = Debug|Any CPU
		{805F80DF-75C6-4C2F-8FD9-B47F6D0DF5A3}.Debug|x86.Build.0 = Debug|Any CPU
		{805F80DF-75C6-4C2F-8FD9-B47F6D0DF5A3}.Release|Any CPU.ActiveCfg = Release|Any CPU
		{805F80DF-75C6-4C2F-8FD9-B47F6D0DF5A3}.Release|Any CPU.Build.0 = Release|Any CPU
		{805F80DF-75C6-4C2F-8FD9-B47F6D0DF5A3}.Release|ARM.ActiveCfg = Release|Any CPU
		{805F80DF-75C6-4C2F-8FD9-B47F6D0DF5A3}.Release|ARM.Build.0 = Release|Any CPU
		{805F80DF-75C6-4C2F-8FD9-B47F6D0DF5A3}.Release|x64.ActiveCfg = Release|Any CPU
		{805F80DF-75C6-4C2F-8FD9-B47F6D0DF5A3}.Release|x64.Build.0 = Release|Any CPU
		{805F80DF-75C6-4C2F-8FD9-B47F6D0DF5A3}.Release|x86.ActiveCfg = Release|Any CPU
		{805F80DF-75C6-4C2F-8FD9-B47F6D0DF5A3}.Release|x86.Build.0 = Release|Any CPU
		{A139968E-AD78-4E8C-93B8-9A5523BCAC89}.Debug|Any CPU.ActiveCfg = Debug|x86
		{A139968E-AD78-4E8C-93B8-9A5523BCAC89}.Debug|Any CPU.Build.0 = Debug|x86
		{A139968E-AD78-4E8C-93B8-9A5523BCAC89}.Debug|ARM.ActiveCfg = Debug|ARM
		{A139968E-AD78-4E8C-93B8-9A5523BCAC89}.Debug|ARM.Build.0 = Debug|ARM
		{A139968E-AD78-4E8C-93B8-9A5523BCAC89}.Debug|ARM.Deploy.0 = Debug|ARM
		{A139968E-AD78-4E8C-93B8-9A5523BCAC89}.Debug|x64.ActiveCfg = Debug|x64
		{A139968E-AD78-4E8C-93B8-9A5523BCAC89}.Debug|x64.Build.0 = Debug|x64
		{A139968E-AD78-4E8C-93B8-9A5523BCAC89}.Debug|x64.Deploy.0 = Debug|x64
		{A139968E-AD78-4E8C-93B8-9A5523BCAC89}.Debug|x86.ActiveCfg = Debug|x86
		{A139968E-AD78-4E8C-93B8-9A5523BCAC89}.Debug|x86.Build.0 = Debug|x86
		{A139968E-AD78-4E8C-93B8-9A5523BCAC89}.Debug|x86.Deploy.0 = Debug|x86
		{A139968E-AD78-4E8C-93B8-9A5523BCAC89}.Release|Any CPU.ActiveCfg = Release|x86
		{A139968E-AD78-4E8C-93B8-9A5523BCAC89}.Release|ARM.ActiveCfg = Release|ARM
		{A139968E-AD78-4E8C-93B8-9A5523BCAC89}.Release|ARM.Build.0 = Release|ARM
		{A139968E-AD78-4E8C-93B8-9A5523BCAC89}.Release|ARM.Deploy.0 = Release|ARM
		{A139968E-AD78-4E8C-93B8-9A5523BCAC89}.Release|x64.ActiveCfg = Release|x64
		{A139968E-AD78-4E8C-93B8-9A5523BCAC89}.Release|x64.Build.0 = Release|x64
		{A139968E-AD78-4E8C-93B8-9A5523BCAC89}.Release|x64.Deploy.0 = Release|x64
		{A139968E-AD78-4E8C-93B8-9A5523BCAC89}.Release|x86.ActiveCfg = Release|x86
		{A139968E-AD78-4E8C-93B8-9A5523BCAC89}.Release|x86.Build.0 = Release|x86
		{A139968E-AD78-4E8C-93B8-9A5523BCAC89}.Release|x86.Deploy.0 = Release|x86
		{3DD8AA7C-3569-4E51-992F-0C2257E8878E}.Debug|Any CPU.ActiveCfg = Debug|Any CPU
		{3DD8AA7C-3569-4E51-992F-0C2257E8878E}.Debug|Any CPU.Build.0 = Debug|Any CPU
		{3DD8AA7C-3569-4E51-992F-0C2257E8878E}.Debug|ARM.ActiveCfg = Debug|Any CPU
		{3DD8AA7C-3569-4E51-992F-0C2257E8878E}.Debug|ARM.Build.0 = Debug|Any CPU
		{3DD8AA7C-3569-4E51-992F-0C2257E8878E}.Debug|x64.ActiveCfg = Debug|Any CPU
		{3DD8AA7C-3569-4E51-992F-0C2257E8878E}.Debug|x64.Build.0 = Debug|Any CPU
		{3DD8AA7C-3569-4E51-992F-0C2257E8878E}.Debug|x86.ActiveCfg = Debug|Any CPU
		{3DD8AA7C-3569-4E51-992F-0C2257E8878E}.Debug|x86.Build.0 = Debug|Any CPU
		{3DD8AA7C-3569-4E51-992F-0C2257E8878E}.Release|Any CPU.ActiveCfg = Release|Any CPU
		{3DD8AA7C-3569-4E51-992F-0C2257E8878E}.Release|Any CPU.Build.0 = Release|Any CPU
		{3DD8AA7C-3569-4E51-992F-0C2257E8878E}.Release|ARM.ActiveCfg = Release|Any CPU
		{3DD8AA7C-3569-4E51-992F-0C2257E8878E}.Release|ARM.Build.0 = Release|Any CPU
		{3DD8AA7C-3569-4E51-992F-0C2257E8878E}.Release|x64.ActiveCfg = Release|Any CPU
		{3DD8AA7C-3569-4E51-992F-0C2257E8878E}.Release|x64.Build.0 = Release|Any CPU
		{3DD8AA7C-3569-4E51-992F-0C2257E8878E}.Release|x86.ActiveCfg = Release|Any CPU
		{3DD8AA7C-3569-4E51-992F-0C2257E8878E}.Release|x86.Build.0 = Release|Any CPU
		{B24A296C-B3EB-4E06-A64E-74AC2D1ACC91}.Debug|Any CPU.ActiveCfg = Debug|Any CPU
		{B24A296C-B3EB-4E06-A64E-74AC2D1ACC91}.Debug|Any CPU.Build.0 = Debug|Any CPU
		{B24A296C-B3EB-4E06-A64E-74AC2D1ACC91}.Debug|ARM.ActiveCfg = Debug|Any CPU
		{B24A296C-B3EB-4E06-A64E-74AC2D1ACC91}.Debug|ARM.Build.0 = Debug|Any CPU
		{B24A296C-B3EB-4E06-A64E-74AC2D1ACC91}.Debug|x64.ActiveCfg = Debug|Any CPU
		{B24A296C-B3EB-4E06-A64E-74AC2D1ACC91}.Debug|x64.Build.0 = Debug|Any CPU
		{B24A296C-B3EB-4E06-A64E-74AC2D1ACC91}.Debug|x86.ActiveCfg = Debug|Any CPU
		{B24A296C-B3EB-4E06-A64E-74AC2D1ACC91}.Debug|x86.Build.0 = Debug|Any CPU
		{B24A296C-B3EB-4E06-A64E-74AC2D1ACC91}.Release|Any CPU.ActiveCfg = Release|Any CPU
		{B24A296C-B3EB-4E06-A64E-74AC2D1ACC91}.Release|Any CPU.Build.0 = Release|Any CPU
		{B24A296C-B3EB-4E06-A64E-74AC2D1ACC91}.Release|ARM.ActiveCfg = Release|Any CPU
		{B24A296C-B3EB-4E06-A64E-74AC2D1ACC91}.Release|ARM.Build.0 = Release|Any CPU
		{B24A296C-B3EB-4E06-A64E-74AC2D1ACC91}.Release|x64.ActiveCfg = Release|Any CPU
		{B24A296C-B3EB-4E06-A64E-74AC2D1ACC91}.Release|x64.Build.0 = Release|Any CPU
		{B24A296C-B3EB-4E06-A64E-74AC2D1ACC91}.Release|x86.ActiveCfg = Release|Any CPU
		{B24A296C-B3EB-4E06-A64E-74AC2D1ACC91}.Release|x86.Build.0 = Release|Any CPU
		{719C43C6-8753-4395-ADAA-2FCC70F76BF3}.Debug|Any CPU.ActiveCfg = Debug|x86
		{719C43C6-8753-4395-ADAA-2FCC70F76BF3}.Debug|Any CPU.Build.0 = Debug|x86
		{719C43C6-8753-4395-ADAA-2FCC70F76BF3}.Debug|Any CPU.Deploy.0 = Debug|x86
		{719C43C6-8753-4395-ADAA-2FCC70F76BF3}.Debug|ARM.ActiveCfg = Debug|ARM
		{719C43C6-8753-4395-ADAA-2FCC70F76BF3}.Debug|ARM.Build.0 = Debug|ARM
		{719C43C6-8753-4395-ADAA-2FCC70F76BF3}.Debug|ARM.Deploy.0 = Debug|ARM
		{719C43C6-8753-4395-ADAA-2FCC70F76BF3}.Debug|x64.ActiveCfg = Debug|x64
		{719C43C6-8753-4395-ADAA-2FCC70F76BF3}.Debug|x64.Build.0 = Debug|x64
		{719C43C6-8753-4395-ADAA-2FCC70F76BF3}.Debug|x64.Deploy.0 = Debug|x64
		{719C43C6-8753-4395-ADAA-2FCC70F76BF3}.Debug|x86.ActiveCfg = Debug|x86
		{719C43C6-8753-4395-ADAA-2FCC70F76BF3}.Debug|x86.Build.0 = Debug|x86
		{719C43C6-8753-4395-ADAA-2FCC70F76BF3}.Debug|x86.Deploy.0 = Debug|x86
		{719C43C6-8753-4395-ADAA-2FCC70F76BF3}.Release|Any CPU.ActiveCfg = Release|x86
		{719C43C6-8753-4395-ADAA-2FCC70F76BF3}.Release|ARM.ActiveCfg = Release|ARM
		{719C43C6-8753-4395-ADAA-2FCC70F76BF3}.Release|ARM.Build.0 = Release|ARM
		{719C43C6-8753-4395-ADAA-2FCC70F76BF3}.Release|ARM.Deploy.0 = Release|ARM
		{719C43C6-8753-4395-ADAA-2FCC70F76BF3}.Release|x64.ActiveCfg = Release|x64
		{719C43C6-8753-4395-ADAA-2FCC70F76BF3}.Release|x64.Build.0 = Release|x64
		{719C43C6-8753-4395-ADAA-2FCC70F76BF3}.Release|x64.Deploy.0 = Release|x64
		{719C43C6-8753-4395-ADAA-2FCC70F76BF3}.Release|x86.ActiveCfg = Release|x86
		{719C43C6-8753-4395-ADAA-2FCC70F76BF3}.Release|x86.Build.0 = Release|x86
		{719C43C6-8753-4395-ADAA-2FCC70F76BF3}.Release|x86.Deploy.0 = Release|x86
		{7189A42D-6F1A-4FA3-8E00-E2C14FDF167A}.Debug|Any CPU.ActiveCfg = Debug|Any CPU
		{7189A42D-6F1A-4FA3-8E00-E2C14FDF167A}.Debug|Any CPU.Build.0 = Debug|Any CPU
		{7189A42D-6F1A-4FA3-8E00-E2C14FDF167A}.Debug|ARM.ActiveCfg = Debug|Any CPU
		{7189A42D-6F1A-4FA3-8E00-E2C14FDF167A}.Debug|ARM.Build.0 = Debug|Any CPU
		{7189A42D-6F1A-4FA3-8E00-E2C14FDF167A}.Debug|x64.ActiveCfg = Debug|Any CPU
		{7189A42D-6F1A-4FA3-8E00-E2C14FDF167A}.Debug|x64.Build.0 = Debug|Any CPU
		{7189A42D-6F1A-4FA3-8E00-E2C14FDF167A}.Debug|x86.ActiveCfg = Debug|Any CPU
		{7189A42D-6F1A-4FA3-8E00-E2C14FDF167A}.Debug|x86.Build.0 = Debug|Any CPU
		{7189A42D-6F1A-4FA3-8E00-E2C14FDF167A}.Release|Any CPU.ActiveCfg = Release|Any CPU
		{7189A42D-6F1A-4FA3-8E00-E2C14FDF167A}.Release|Any CPU.Build.0 = Release|Any CPU
		{7189A42D-6F1A-4FA3-8E00-E2C14FDF167A}.Release|ARM.ActiveCfg = Release|Any CPU
		{7189A42D-6F1A-4FA3-8E00-E2C14FDF167A}.Release|ARM.Build.0 = Release|Any CPU
		{7189A42D-6F1A-4FA3-8E00-E2C14FDF167A}.Release|x64.ActiveCfg = Release|Any CPU
		{7189A42D-6F1A-4FA3-8E00-E2C14FDF167A}.Release|x64.Build.0 = Release|Any CPU
		{7189A42D-6F1A-4FA3-8E00-E2C14FDF167A}.Release|x86.ActiveCfg = Release|Any CPU
		{7189A42D-6F1A-4FA3-8E00-E2C14FDF167A}.Release|x86.Build.0 = Release|Any CPU
		{E9FAABFB-D726-42C1-83C1-CB46A29FEA81}.Debug|Any CPU.ActiveCfg = Debug|Any CPU
		{E9FAABFB-D726-42C1-83C1-CB46A29FEA81}.Debug|Any CPU.Build.0 = Debug|Any CPU
		{E9FAABFB-D726-42C1-83C1-CB46A29FEA81}.Debug|ARM.ActiveCfg = Debug|Any CPU
		{E9FAABFB-D726-42C1-83C1-CB46A29FEA81}.Debug|ARM.Build.0 = Debug|Any CPU
		{E9FAABFB-D726-42C1-83C1-CB46A29FEA81}.Debug|x64.ActiveCfg = Debug|Any CPU
		{E9FAABFB-D726-42C1-83C1-CB46A29FEA81}.Debug|x64.Build.0 = Debug|Any CPU
		{E9FAABFB-D726-42C1-83C1-CB46A29FEA81}.Debug|x86.ActiveCfg = Debug|Any CPU
		{E9FAABFB-D726-42C1-83C1-CB46A29FEA81}.Debug|x86.Build.0 = Debug|Any CPU
		{E9FAABFB-D726-42C1-83C1-CB46A29FEA81}.Release|Any CPU.ActiveCfg = Release|Any CPU
		{E9FAABFB-D726-42C1-83C1-CB46A29FEA81}.Release|Any CPU.Build.0 = Release|Any CPU
		{E9FAABFB-D726-42C1-83C1-CB46A29FEA81}.Release|ARM.ActiveCfg = Release|Any CPU
		{E9FAABFB-D726-42C1-83C1-CB46A29FEA81}.Release|ARM.Build.0 = Release|Any CPU
		{E9FAABFB-D726-42C1-83C1-CB46A29FEA81}.Release|x64.ActiveCfg = Release|Any CPU
		{E9FAABFB-D726-42C1-83C1-CB46A29FEA81}.Release|x64.Build.0 = Release|Any CPU
		{E9FAABFB-D726-42C1-83C1-CB46A29FEA81}.Release|x86.ActiveCfg = Release|Any CPU
		{E9FAABFB-D726-42C1-83C1-CB46A29FEA81}.Release|x86.Build.0 = Release|Any CPU
		{B28A0570-22D1-4D23-9E3F-455AE68F85A8}.Debug|Any CPU.ActiveCfg = Debug|Any CPU
		{B28A0570-22D1-4D23-9E3F-455AE68F85A8}.Debug|Any CPU.Build.0 = Debug|Any CPU
		{B28A0570-22D1-4D23-9E3F-455AE68F85A8}.Debug|ARM.ActiveCfg = Debug|ARM
		{B28A0570-22D1-4D23-9E3F-455AE68F85A8}.Debug|ARM.Build.0 = Debug|ARM
		{B28A0570-22D1-4D23-9E3F-455AE68F85A8}.Debug|x64.ActiveCfg = Debug|x64
		{B28A0570-22D1-4D23-9E3F-455AE68F85A8}.Debug|x64.Build.0 = Debug|x64
		{B28A0570-22D1-4D23-9E3F-455AE68F85A8}.Debug|x86.ActiveCfg = Debug|x86
		{B28A0570-22D1-4D23-9E3F-455AE68F85A8}.Debug|x86.Build.0 = Debug|x86
		{B28A0570-22D1-4D23-9E3F-455AE68F85A8}.Release|Any CPU.ActiveCfg = Release|Any CPU
		{B28A0570-22D1-4D23-9E3F-455AE68F85A8}.Release|Any CPU.Build.0 = Release|Any CPU
		{B28A0570-22D1-4D23-9E3F-455AE68F85A8}.Release|ARM.ActiveCfg = Release|ARM
		{B28A0570-22D1-4D23-9E3F-455AE68F85A8}.Release|ARM.Build.0 = Release|ARM
		{B28A0570-22D1-4D23-9E3F-455AE68F85A8}.Release|x64.ActiveCfg = Release|x64
		{B28A0570-22D1-4D23-9E3F-455AE68F85A8}.Release|x64.Build.0 = Release|x64
		{B28A0570-22D1-4D23-9E3F-455AE68F85A8}.Release|x86.ActiveCfg = Release|x86
		{B28A0570-22D1-4D23-9E3F-455AE68F85A8}.Release|x86.Build.0 = Release|x86
	EndGlobalSection
	GlobalSection(SolutionProperties) = preSolution
		HideSolutionNode = FALSE
	EndGlobalSection
	GlobalSection(NestedProjects) = preSolution
		{A139968E-AD78-4E8C-93B8-9A5523BCAC89} = {B30036C4-D514-4E5B-A323-587A061772CE}
		{3DD8AA7C-3569-4E51-992F-0C2257E8878E} = {F1AFFFA7-28FE-4770-BA48-10D76F3E59BC}
		{B24A296C-B3EB-4E06-A64E-74AC2D1ACC91} = {F1AFFFA7-28FE-4770-BA48-10D76F3E59BC}
		{E9FAABFB-D726-42C1-83C1-CB46A29FEA81} = {F1AFFFA7-28FE-4770-BA48-10D76F3E59BC}
	EndGlobalSection
EndGlobal
