
Microsoft Visual Studio Solution File, Format Version 12.00
# Visual Studio 15
VisualStudioVersion = 15.0.27004.2002
MinimumVisualStudioVersion = 10.0.40219.1
Project("{2150E333-8FDC-42A3-9474-1A3956D46DE8}") = "Samples", "Samples", "{9AD30620-667D-433C-9961-8D885EE7B762}"
EndProject
Project("{FAE04EC0-301F-11D3-BF4B-00C04F79EFBC}") = "Microsoft.Toolkit.Uwp.SampleApp", "Microsoft.Toolkit.Uwp.SampleApp\Microsoft.Toolkit.Uwp.SampleApp.csproj", "{719C43C6-8753-4395-ADAA-2FCC70F76BF3}"
EndProject
Project("{9A19103F-16F7-4668-BE54-9A1E7A4F7556}") = "Microsoft.Toolkit.Uwp", "Microsoft.Toolkit.Uwp\Microsoft.Toolkit.Uwp.csproj", "{805F80DF-75C6-4C2F-8FD9-B47F6D0DF5A3}"
EndProject
Project("{FAE04EC0-301F-11D3-BF4B-00C04F79EFBC}") = "UnitTests", "UnitTests\UnitTests.csproj", "{A139968E-AD78-4E8C-93B8-9A5523BCAC89}"
EndProject
Project("{9A19103F-16F7-4668-BE54-9A1E7A4F7556}") = "Microsoft.Toolkit.Uwp.UI", "Microsoft.Toolkit.Uwp.UI\Microsoft.Toolkit.Uwp.UI.csproj", "{3DD8AA7C-3569-4E51-992F-0C2257E8878E}"
EndProject
Project("{9A19103F-16F7-4668-BE54-9A1E7A4F7556}") = "Microsoft.Toolkit.Uwp.UI.Animations", "Microsoft.Toolkit.Uwp.UI.Animations\Microsoft.Toolkit.Uwp.UI.Animations.csproj", "{B24A296C-B3EB-4E06-A64E-74AC2D1ACC91}"
EndProject
Project("{2150E333-8FDC-42A3-9474-1A3956D46DE8}") = "UI", "UI", "{F1AFFFA7-28FE-4770-BA48-10D76F3E59BC}"
EndProject
Project("{2150E333-8FDC-42A3-9474-1A3956D46DE8}") = "Tests", "Tests", "{B30036C4-D514-4E5B-A323-587A061772CE}"
EndProject
Project("{9A19103F-16F7-4668-BE54-9A1E7A4F7556}") = "Microsoft.Toolkit.Uwp.Services", "Microsoft.Toolkit.Uwp.Services\Microsoft.Toolkit.Uwp.Services.csproj", "{7189A42D-6F1A-4FA3-8E00-E2C14FDF167A}"
EndProject
Project("{9A19103F-16F7-4668-BE54-9A1E7A4F7556}") = "Microsoft.Toolkit.Uwp.UI.Controls", "Microsoft.Toolkit.Uwp.UI.Controls\Microsoft.Toolkit.Uwp.UI.Controls.csproj", "{E9FAABFB-D726-42C1-83C1-CB46A29FEA81}"
EndProject
Project("{2150E333-8FDC-42A3-9474-1A3956D46DE8}") = "Notifications", "Notifications", "{9333C63A-F64F-4797-82B3-017422668A5D}"
EndProject
Project("{D954291E-2A0B-460D-934E-DC6B0785DB48}") = "UnitTests.Notifications.Shared", "UnitTests\UnitTests.Notifications.Shared\UnitTests.Notifications.Shared.shproj", "{982CC826-AACD-4855-9075-430BB6CE40A9}"
EndProject
Project("{FAE04EC0-301F-11D3-BF4B-00C04F79EFBC}") = "UnitTests.Notifications.UWP", "UnitTests\UnitTests.Notifications.UWP\UnitTests.Notifications.UWP.csproj", "{BAB1CAF4-C400-4A7F-A987-C576DE63CFFD}"
EndProject
Project("{FAE04EC0-301F-11D3-BF4B-00C04F79EFBC}") = "Microsoft.Toolkit.Uwp.Samples.BackgroundTasks", "Microsoft.Toolkit.Uwp.Samples.BackgroundTasks\Microsoft.Toolkit.Uwp.Samples.BackgroundTasks.csproj", "{1AE2CB5C-58A0-4F12-8E6F-2CD4AAADB34C}"
EndProject
Project("{9A19103F-16F7-4668-BE54-9A1E7A4F7556}") = "Microsoft.Toolkit.Uwp.DeveloperTools", "Microsoft.Toolkit.Uwp.DeveloperTools\Microsoft.Toolkit.Uwp.DeveloperTools.csproj", "{E7697922-9555-4CFB-AEE0-C5F4D657E559}"
EndProject
Project("{9A19103F-16F7-4668-BE54-9A1E7A4F7556}") = "Microsoft.Toolkit.Uwp.Connectivity", "Microsoft.Toolkit.Uwp.Connectivity\Microsoft.Toolkit.Uwp.Connectivity.csproj", "{B1E850FF-DDE6-44D5-A830-34250E97A687}"
EndProject
Project("{9A19103F-16F7-4668-BE54-9A1E7A4F7556}") = "Microsoft.Toolkit.Services", "Microsoft.Toolkit.Services\Microsoft.Toolkit.Services.csproj", "{34398053-FC70-4243-84F9-F355DEFFF66D}"
EndProject
Project("{9A19103F-16F7-4668-BE54-9A1E7A4F7556}") = "Microsoft.Toolkit", "Microsoft.Toolkit\Microsoft.Toolkit.csproj", "{6FE128A8-CEFA-4A61-A987-EC92DE6B538E}"
EndProject
Project("{9A19103F-16F7-4668-BE54-9A1E7A4F7556}") = "Microsoft.Toolkit.Uwp.Notifications", "Microsoft.Toolkit.Uwp.Notifications\Microsoft.Toolkit.Uwp.Notifications.csproj", "{97EE849B-403C-490E-80ED-D19D7CC153FD}"
EndProject
Project("{9A19103F-16F7-4668-BE54-9A1E7A4F7556}") = "UnitTests.Notifications.NetCore", "UnitTests\UnitTests.Notifications.NetCore\UnitTests.Notifications.NetCore.csproj", "{94994424-5F60-4CD8-ABA2-101779066208}"
EndProject
Project("{FAE04EC0-301F-11D3-BF4B-00C04F79EFBC}") = "UnitTests.Notifications.WinRT", "UnitTests\UnitTests.Notifications.WinRT\UnitTests.Notifications.WinRT.csproj", "{EFA96B3C-857E-4659-B942-6BEF7719F4CA}"
	ProjectSection(ProjectDependencies) = postProject
		{97EE849B-403C-490E-80ED-D19D7CC153FD} = {97EE849B-403C-490E-80ED-D19D7CC153FD}
	EndProjectSection
EndProject
Project("{2150E333-8FDC-42A3-9474-1A3956D46DE8}") = "Solution Items", "Solution Items", "{CFA75BE0-5A44-45DE-8114-426A605B062B}"
	ProjectSection(SolutionItems) = preProject
		build\build.cake = build\build.cake
		build\build.ps1 = build\build.ps1
		Directory.Build.props = Directory.Build.props
		Directory.Build.targets = Directory.Build.targets
		global.json = global.json
	EndProjectSection
EndProject
Project("{9A19103F-16F7-4668-BE54-9A1E7A4F7556}") = "Microsoft.Toolkit.Uwp.Notifications.JavaScript", "Microsoft.Toolkit.Uwp.Notifications.JavaScript\Microsoft.Toolkit.Uwp.Notifications.JavaScript.csproj", "{94F8D702-3A9D-4CFB-85C9-79FC5DBD8B22}"
	ProjectSection(ProjectDependencies) = postProject
		{97EE849B-403C-490E-80ED-D19D7CC153FD} = {97EE849B-403C-490E-80ED-D19D7CC153FD}
	EndProjectSection
EndProject
Project("{FAE04EC0-301F-11D3-BF4B-00C04F79EFBC}") = "Microsoft.Toolkit.Uwp.UI.Controls.Design", "Microsoft.Toolkit.Uwp.UI.Controls.Design\Microsoft.Toolkit.Uwp.UI.Controls.Design.csproj", "{7AEFC959-ED7C-4D96-9E92-72609B40FBE0}"
	ProjectSection(ProjectDependencies) = postProject
		{E9FAABFB-D726-42C1-83C1-CB46A29FEA81} = {E9FAABFB-D726-42C1-83C1-CB46A29FEA81}
	EndProjectSection
EndProject
Project("{9A19103F-16F7-4668-BE54-9A1E7A4F7556}") = "Microsoft.Toolkit.Parsers", "Microsoft.Toolkit.Parsers\Microsoft.Toolkit.Parsers.csproj", "{42CA4935-54BE-42EA-AC19-992378C08DE6}"
EndProject
Project("{2150E333-8FDC-42A3-9474-1A3956D46DE8}") = "PlatformSpecific", "PlatformSpecific", "{096ECFD7-7035-4487-9C87-81DCE9389620}"
EndProject
Project("{FAE04EC0-301F-11D3-BF4B-00C04F79EFBC}") = "DifferencesGen", "Microsoft.Toolkit.Uwp.PlatformDifferencesGen\DifferencesGen.csproj", "{292D34E8-0F01-4FA8-951D-8232F75A88D5}"
EndProject
Project("{9A19103F-16F7-4668-BE54-9A1E7A4F7556}") = "Microsoft.Toolkit.Uwp.PlatformSpecificAnalyzer", "Microsoft.Toolkit.Uwp.PlatformSpecificAnalyzer\Microsoft.Toolkit.Uwp.PlatformSpecificAnalyzer.csproj", "{262BB7CE-EF42-4BF7-B90C-107E6CBB57FF}"
EndProject
Project("{8BC9CEB8-8B4A-11D0-8D11-00A0C91BC942}") = "Microsoft.Toolkit.Uwp.Input.GazeInteraction", "Microsoft.Toolkit.UWP.Input.GazeInteraction\Microsoft.Toolkit.Uwp.Input.GazeInteraction.vcxproj", "{A5E98964-45B1-442D-A07A-298A3221D81E}"
EndProject
Project("{FAE04EC0-301F-11D3-BF4B-00C04F79EFBC}") = "GazeInputTest", "GazeInputTest\GazeInputTest.csproj", "{A122EA02-4DE7-413D-BFBF-AF7DFC668DD6}"
EndProject
Project("{9A19103F-16F7-4668-BE54-9A1E7A4F7556}") = "Microsoft.Toolkit.Uwp.UI.Controls.Graph", "Microsoft.Toolkit.Uwp.UI.Controls.Graph\Microsoft.Toolkit.Uwp.UI.Controls.Graph.csproj", "{D4D78CBA-B238-4794-89A0-4F1A2D8FEA97}"
	ProjectSection(ProjectDependencies) = postProject
		{34398053-FC70-4243-84F9-F355DEFFF66D} = {34398053-FC70-4243-84F9-F355DEFFF66D}
		{3DD8AA7C-3569-4E51-992F-0C2257E8878E} = {3DD8AA7C-3569-4E51-992F-0C2257E8878E}
	EndProjectSection
EndProject
Global
	GlobalSection(SharedMSBuildProjectFiles) = preSolution
		UnitTests\UnitTests.Notifications.Shared\UnitTests.Notifications.Shared.projitems*{982cc826-aacd-4855-9075-430bb6ce40a9}*SharedItemsImports = 13
		UnitTests\UnitTests.Notifications.Shared\UnitTests.Notifications.Shared.projitems*{bab1caf4-c400-4a7f-a987-c576de63cffd}*SharedItemsImports = 4
		UnitTests\UnitTests.Notifications.Shared\UnitTests.Notifications.Shared.projitems*{efa96b3c-857e-4659-b942-6bef7719f4ca}*SharedItemsImports = 4
	EndGlobalSection
	GlobalSection(SolutionConfigurationPlatforms) = preSolution
		Debug|Any CPU = Debug|Any CPU
		Debug|ARM = Debug|ARM
		Debug|x64 = Debug|x64
		Debug|x86 = Debug|x86
		Native|Any CPU = Native|Any CPU
		Native|ARM = Native|ARM
		Native|x64 = Native|x64
		Native|x86 = Native|x86
		Release|Any CPU = Release|Any CPU
		Release|ARM = Release|ARM
		Release|x64 = Release|x64
		Release|x86 = Release|x86
	EndGlobalSection
	GlobalSection(ProjectConfigurationPlatforms) = postSolution
		{719C43C6-8753-4395-ADAA-2FCC70F76BF3}.Debug|Any CPU.ActiveCfg = Debug|x86
		{719C43C6-8753-4395-ADAA-2FCC70F76BF3}.Debug|Any CPU.Build.0 = Debug|x86
		{719C43C6-8753-4395-ADAA-2FCC70F76BF3}.Debug|Any CPU.Deploy.0 = Debug|x86
		{719C43C6-8753-4395-ADAA-2FCC70F76BF3}.Debug|ARM.ActiveCfg = Debug|ARM
		{719C43C6-8753-4395-ADAA-2FCC70F76BF3}.Debug|ARM.Build.0 = Debug|ARM
		{719C43C6-8753-4395-ADAA-2FCC70F76BF3}.Debug|ARM.Deploy.0 = Debug|ARM
		{719C43C6-8753-4395-ADAA-2FCC70F76BF3}.Debug|x64.ActiveCfg = Debug|x64
		{719C43C6-8753-4395-ADAA-2FCC70F76BF3}.Debug|x64.Build.0 = Debug|x64
		{719C43C6-8753-4395-ADAA-2FCC70F76BF3}.Debug|x64.Deploy.0 = Debug|x64
		{719C43C6-8753-4395-ADAA-2FCC70F76BF3}.Debug|x86.ActiveCfg = Debug|x86
		{719C43C6-8753-4395-ADAA-2FCC70F76BF3}.Debug|x86.Build.0 = Debug|x86
		{719C43C6-8753-4395-ADAA-2FCC70F76BF3}.Debug|x86.Deploy.0 = Debug|x86
		{719C43C6-8753-4395-ADAA-2FCC70F76BF3}.Native|Any CPU.ActiveCfg = Release|x86
		{719C43C6-8753-4395-ADAA-2FCC70F76BF3}.Native|ARM.ActiveCfg = Release|ARM
		{719C43C6-8753-4395-ADAA-2FCC70F76BF3}.Native|x64.ActiveCfg = Release|x64
		{719C43C6-8753-4395-ADAA-2FCC70F76BF3}.Native|x86.ActiveCfg = Release|x86
		{719C43C6-8753-4395-ADAA-2FCC70F76BF3}.Release|Any CPU.ActiveCfg = Release|x86
		{719C43C6-8753-4395-ADAA-2FCC70F76BF3}.Release|ARM.ActiveCfg = Release|ARM
		{719C43C6-8753-4395-ADAA-2FCC70F76BF3}.Release|ARM.Build.0 = Release|ARM
		{719C43C6-8753-4395-ADAA-2FCC70F76BF3}.Release|ARM.Deploy.0 = Release|ARM
		{719C43C6-8753-4395-ADAA-2FCC70F76BF3}.Release|x64.ActiveCfg = Release|x64
		{719C43C6-8753-4395-ADAA-2FCC70F76BF3}.Release|x64.Build.0 = Release|x64
		{719C43C6-8753-4395-ADAA-2FCC70F76BF3}.Release|x64.Deploy.0 = Release|x64
		{719C43C6-8753-4395-ADAA-2FCC70F76BF3}.Release|x86.ActiveCfg = Release|x86
		{719C43C6-8753-4395-ADAA-2FCC70F76BF3}.Release|x86.Build.0 = Release|x86
		{719C43C6-8753-4395-ADAA-2FCC70F76BF3}.Release|x86.Deploy.0 = Release|x86
		{805F80DF-75C6-4C2F-8FD9-B47F6D0DF5A3}.Debug|Any CPU.ActiveCfg = Debug|Any CPU
		{805F80DF-75C6-4C2F-8FD9-B47F6D0DF5A3}.Debug|Any CPU.Build.0 = Debug|Any CPU
		{805F80DF-75C6-4C2F-8FD9-B47F6D0DF5A3}.Debug|ARM.ActiveCfg = Debug|Any CPU
		{805F80DF-75C6-4C2F-8FD9-B47F6D0DF5A3}.Debug|ARM.Build.0 = Debug|Any CPU
		{805F80DF-75C6-4C2F-8FD9-B47F6D0DF5A3}.Debug|x64.ActiveCfg = Debug|Any CPU
		{805F80DF-75C6-4C2F-8FD9-B47F6D0DF5A3}.Debug|x64.Build.0 = Debug|Any CPU
		{805F80DF-75C6-4C2F-8FD9-B47F6D0DF5A3}.Debug|x86.ActiveCfg = Debug|Any CPU
		{805F80DF-75C6-4C2F-8FD9-B47F6D0DF5A3}.Debug|x86.Build.0 = Debug|Any CPU
		{805F80DF-75C6-4C2F-8FD9-B47F6D0DF5A3}.Native|Any CPU.ActiveCfg = Release|Any CPU
		{805F80DF-75C6-4C2F-8FD9-B47F6D0DF5A3}.Native|ARM.ActiveCfg = Release|Any CPU
		{805F80DF-75C6-4C2F-8FD9-B47F6D0DF5A3}.Native|x64.ActiveCfg = Release|Any CPU
		{805F80DF-75C6-4C2F-8FD9-B47F6D0DF5A3}.Native|x86.ActiveCfg = Release|Any CPU
		{805F80DF-75C6-4C2F-8FD9-B47F6D0DF5A3}.Release|Any CPU.ActiveCfg = Release|Any CPU
		{805F80DF-75C6-4C2F-8FD9-B47F6D0DF5A3}.Release|Any CPU.Build.0 = Release|Any CPU
		{805F80DF-75C6-4C2F-8FD9-B47F6D0DF5A3}.Release|ARM.ActiveCfg = Release|Any CPU
		{805F80DF-75C6-4C2F-8FD9-B47F6D0DF5A3}.Release|ARM.Build.0 = Release|Any CPU
		{805F80DF-75C6-4C2F-8FD9-B47F6D0DF5A3}.Release|x64.ActiveCfg = Release|Any CPU
		{805F80DF-75C6-4C2F-8FD9-B47F6D0DF5A3}.Release|x64.Build.0 = Release|Any CPU
		{805F80DF-75C6-4C2F-8FD9-B47F6D0DF5A3}.Release|x86.ActiveCfg = Release|Any CPU
		{805F80DF-75C6-4C2F-8FD9-B47F6D0DF5A3}.Release|x86.Build.0 = Release|Any CPU
		{A139968E-AD78-4E8C-93B8-9A5523BCAC89}.Debug|Any CPU.ActiveCfg = Debug|x86
		{A139968E-AD78-4E8C-93B8-9A5523BCAC89}.Debug|Any CPU.Build.0 = Debug|x86
		{A139968E-AD78-4E8C-93B8-9A5523BCAC89}.Debug|ARM.ActiveCfg = Debug|ARM
		{A139968E-AD78-4E8C-93B8-9A5523BCAC89}.Debug|ARM.Build.0 = Debug|ARM
		{A139968E-AD78-4E8C-93B8-9A5523BCAC89}.Debug|ARM.Deploy.0 = Debug|ARM
		{A139968E-AD78-4E8C-93B8-9A5523BCAC89}.Debug|x64.ActiveCfg = Debug|x64
		{A139968E-AD78-4E8C-93B8-9A5523BCAC89}.Debug|x64.Build.0 = Debug|x64
		{A139968E-AD78-4E8C-93B8-9A5523BCAC89}.Debug|x64.Deploy.0 = Debug|x64
		{A139968E-AD78-4E8C-93B8-9A5523BCAC89}.Debug|x86.ActiveCfg = Debug|x86
		{A139968E-AD78-4E8C-93B8-9A5523BCAC89}.Debug|x86.Build.0 = Debug|x86
		{A139968E-AD78-4E8C-93B8-9A5523BCAC89}.Debug|x86.Deploy.0 = Debug|x86
		{A139968E-AD78-4E8C-93B8-9A5523BCAC89}.Native|Any CPU.ActiveCfg = Release|x86
		{A139968E-AD78-4E8C-93B8-9A5523BCAC89}.Native|ARM.ActiveCfg = Release|ARM
		{A139968E-AD78-4E8C-93B8-9A5523BCAC89}.Native|x64.ActiveCfg = Release|x64
		{A139968E-AD78-4E8C-93B8-9A5523BCAC89}.Native|x86.ActiveCfg = Release|x86
		{A139968E-AD78-4E8C-93B8-9A5523BCAC89}.Release|Any CPU.ActiveCfg = Release|x86
		{A139968E-AD78-4E8C-93B8-9A5523BCAC89}.Release|ARM.ActiveCfg = Release|ARM
		{A139968E-AD78-4E8C-93B8-9A5523BCAC89}.Release|ARM.Build.0 = Release|ARM
		{A139968E-AD78-4E8C-93B8-9A5523BCAC89}.Release|ARM.Deploy.0 = Release|ARM
		{A139968E-AD78-4E8C-93B8-9A5523BCAC89}.Release|x64.ActiveCfg = Release|x64
		{A139968E-AD78-4E8C-93B8-9A5523BCAC89}.Release|x64.Build.0 = Release|x64
		{A139968E-AD78-4E8C-93B8-9A5523BCAC89}.Release|x64.Deploy.0 = Release|x64
		{A139968E-AD78-4E8C-93B8-9A5523BCAC89}.Release|x86.ActiveCfg = Release|x86
		{A139968E-AD78-4E8C-93B8-9A5523BCAC89}.Release|x86.Build.0 = Release|x86
		{A139968E-AD78-4E8C-93B8-9A5523BCAC89}.Release|x86.Deploy.0 = Release|x86
		{3DD8AA7C-3569-4E51-992F-0C2257E8878E}.Debug|Any CPU.ActiveCfg = Debug|Any CPU
		{3DD8AA7C-3569-4E51-992F-0C2257E8878E}.Debug|Any CPU.Build.0 = Debug|Any CPU
		{3DD8AA7C-3569-4E51-992F-0C2257E8878E}.Debug|ARM.ActiveCfg = Debug|Any CPU
		{3DD8AA7C-3569-4E51-992F-0C2257E8878E}.Debug|ARM.Build.0 = Debug|Any CPU
		{3DD8AA7C-3569-4E51-992F-0C2257E8878E}.Debug|x64.ActiveCfg = Debug|Any CPU
		{3DD8AA7C-3569-4E51-992F-0C2257E8878E}.Debug|x64.Build.0 = Debug|Any CPU
		{3DD8AA7C-3569-4E51-992F-0C2257E8878E}.Debug|x86.ActiveCfg = Debug|Any CPU
		{3DD8AA7C-3569-4E51-992F-0C2257E8878E}.Debug|x86.Build.0 = Debug|Any CPU
		{3DD8AA7C-3569-4E51-992F-0C2257E8878E}.Native|Any CPU.ActiveCfg = Release|Any CPU
		{3DD8AA7C-3569-4E51-992F-0C2257E8878E}.Native|ARM.ActiveCfg = Release|Any CPU
		{3DD8AA7C-3569-4E51-992F-0C2257E8878E}.Native|x64.ActiveCfg = Release|Any CPU
		{3DD8AA7C-3569-4E51-992F-0C2257E8878E}.Native|x86.ActiveCfg = Release|Any CPU
		{3DD8AA7C-3569-4E51-992F-0C2257E8878E}.Release|Any CPU.ActiveCfg = Release|Any CPU
		{3DD8AA7C-3569-4E51-992F-0C2257E8878E}.Release|Any CPU.Build.0 = Release|Any CPU
		{3DD8AA7C-3569-4E51-992F-0C2257E8878E}.Release|ARM.ActiveCfg = Release|Any CPU
		{3DD8AA7C-3569-4E51-992F-0C2257E8878E}.Release|ARM.Build.0 = Release|Any CPU
		{3DD8AA7C-3569-4E51-992F-0C2257E8878E}.Release|x64.ActiveCfg = Release|Any CPU
		{3DD8AA7C-3569-4E51-992F-0C2257E8878E}.Release|x64.Build.0 = Release|Any CPU
		{3DD8AA7C-3569-4E51-992F-0C2257E8878E}.Release|x86.ActiveCfg = Release|Any CPU
		{3DD8AA7C-3569-4E51-992F-0C2257E8878E}.Release|x86.Build.0 = Release|Any CPU
		{B24A296C-B3EB-4E06-A64E-74AC2D1ACC91}.Debug|Any CPU.ActiveCfg = Debug|Any CPU
		{B24A296C-B3EB-4E06-A64E-74AC2D1ACC91}.Debug|Any CPU.Build.0 = Debug|Any CPU
		{B24A296C-B3EB-4E06-A64E-74AC2D1ACC91}.Debug|ARM.ActiveCfg = Debug|Any CPU
		{B24A296C-B3EB-4E06-A64E-74AC2D1ACC91}.Debug|ARM.Build.0 = Debug|Any CPU
		{B24A296C-B3EB-4E06-A64E-74AC2D1ACC91}.Debug|x64.ActiveCfg = Debug|Any CPU
		{B24A296C-B3EB-4E06-A64E-74AC2D1ACC91}.Debug|x64.Build.0 = Debug|Any CPU
		{B24A296C-B3EB-4E06-A64E-74AC2D1ACC91}.Debug|x86.ActiveCfg = Debug|Any CPU
		{B24A296C-B3EB-4E06-A64E-74AC2D1ACC91}.Debug|x86.Build.0 = Debug|Any CPU
		{B24A296C-B3EB-4E06-A64E-74AC2D1ACC91}.Native|Any CPU.ActiveCfg = Release|Any CPU
		{B24A296C-B3EB-4E06-A64E-74AC2D1ACC91}.Native|ARM.ActiveCfg = Release|Any CPU
		{B24A296C-B3EB-4E06-A64E-74AC2D1ACC91}.Native|x64.ActiveCfg = Release|Any CPU
		{B24A296C-B3EB-4E06-A64E-74AC2D1ACC91}.Native|x86.ActiveCfg = Release|Any CPU
		{B24A296C-B3EB-4E06-A64E-74AC2D1ACC91}.Release|Any CPU.ActiveCfg = Release|Any CPU
		{B24A296C-B3EB-4E06-A64E-74AC2D1ACC91}.Release|Any CPU.Build.0 = Release|Any CPU
		{B24A296C-B3EB-4E06-A64E-74AC2D1ACC91}.Release|ARM.ActiveCfg = Release|Any CPU
		{B24A296C-B3EB-4E06-A64E-74AC2D1ACC91}.Release|ARM.Build.0 = Release|Any CPU
		{B24A296C-B3EB-4E06-A64E-74AC2D1ACC91}.Release|x64.ActiveCfg = Release|Any CPU
		{B24A296C-B3EB-4E06-A64E-74AC2D1ACC91}.Release|x64.Build.0 = Release|Any CPU
		{B24A296C-B3EB-4E06-A64E-74AC2D1ACC91}.Release|x86.ActiveCfg = Release|Any CPU
		{B24A296C-B3EB-4E06-A64E-74AC2D1ACC91}.Release|x86.Build.0 = Release|Any CPU
		{7189A42D-6F1A-4FA3-8E00-E2C14FDF167A}.Debug|Any CPU.ActiveCfg = Debug|Any CPU
		{7189A42D-6F1A-4FA3-8E00-E2C14FDF167A}.Debug|Any CPU.Build.0 = Debug|Any CPU
		{7189A42D-6F1A-4FA3-8E00-E2C14FDF167A}.Debug|ARM.ActiveCfg = Debug|Any CPU
		{7189A42D-6F1A-4FA3-8E00-E2C14FDF167A}.Debug|ARM.Build.0 = Debug|Any CPU
		{7189A42D-6F1A-4FA3-8E00-E2C14FDF167A}.Debug|x64.ActiveCfg = Debug|Any CPU
		{7189A42D-6F1A-4FA3-8E00-E2C14FDF167A}.Debug|x64.Build.0 = Debug|Any CPU
		{7189A42D-6F1A-4FA3-8E00-E2C14FDF167A}.Debug|x86.ActiveCfg = Debug|Any CPU
		{7189A42D-6F1A-4FA3-8E00-E2C14FDF167A}.Debug|x86.Build.0 = Debug|Any CPU
		{7189A42D-6F1A-4FA3-8E00-E2C14FDF167A}.Native|Any CPU.ActiveCfg = Release|Any CPU
		{7189A42D-6F1A-4FA3-8E00-E2C14FDF167A}.Native|ARM.ActiveCfg = Release|Any CPU
		{7189A42D-6F1A-4FA3-8E00-E2C14FDF167A}.Native|x64.ActiveCfg = Release|Any CPU
		{7189A42D-6F1A-4FA3-8E00-E2C14FDF167A}.Native|x86.ActiveCfg = Release|Any CPU
		{7189A42D-6F1A-4FA3-8E00-E2C14FDF167A}.Release|Any CPU.ActiveCfg = Release|Any CPU
		{7189A42D-6F1A-4FA3-8E00-E2C14FDF167A}.Release|Any CPU.Build.0 = Release|Any CPU
		{7189A42D-6F1A-4FA3-8E00-E2C14FDF167A}.Release|ARM.ActiveCfg = Release|Any CPU
		{7189A42D-6F1A-4FA3-8E00-E2C14FDF167A}.Release|ARM.Build.0 = Release|Any CPU
		{7189A42D-6F1A-4FA3-8E00-E2C14FDF167A}.Release|x64.ActiveCfg = Release|Any CPU
		{7189A42D-6F1A-4FA3-8E00-E2C14FDF167A}.Release|x64.Build.0 = Release|Any CPU
		{7189A42D-6F1A-4FA3-8E00-E2C14FDF167A}.Release|x86.ActiveCfg = Release|Any CPU
		{7189A42D-6F1A-4FA3-8E00-E2C14FDF167A}.Release|x86.Build.0 = Release|Any CPU
		{E9FAABFB-D726-42C1-83C1-CB46A29FEA81}.Debug|Any CPU.ActiveCfg = Debug|Any CPU
		{E9FAABFB-D726-42C1-83C1-CB46A29FEA81}.Debug|Any CPU.Build.0 = Debug|Any CPU
		{E9FAABFB-D726-42C1-83C1-CB46A29FEA81}.Debug|ARM.ActiveCfg = Debug|Any CPU
		{E9FAABFB-D726-42C1-83C1-CB46A29FEA81}.Debug|ARM.Build.0 = Debug|Any CPU
		{E9FAABFB-D726-42C1-83C1-CB46A29FEA81}.Debug|x64.ActiveCfg = Debug|Any CPU
		{E9FAABFB-D726-42C1-83C1-CB46A29FEA81}.Debug|x64.Build.0 = Debug|Any CPU
		{E9FAABFB-D726-42C1-83C1-CB46A29FEA81}.Debug|x86.ActiveCfg = Debug|Any CPU
		{E9FAABFB-D726-42C1-83C1-CB46A29FEA81}.Debug|x86.Build.0 = Debug|Any CPU
		{E9FAABFB-D726-42C1-83C1-CB46A29FEA81}.Native|Any CPU.ActiveCfg = Release|Any CPU
		{E9FAABFB-D726-42C1-83C1-CB46A29FEA81}.Native|ARM.ActiveCfg = Release|Any CPU
		{E9FAABFB-D726-42C1-83C1-CB46A29FEA81}.Native|x64.ActiveCfg = Release|Any CPU
		{E9FAABFB-D726-42C1-83C1-CB46A29FEA81}.Native|x86.ActiveCfg = Release|Any CPU
		{E9FAABFB-D726-42C1-83C1-CB46A29FEA81}.Release|Any CPU.ActiveCfg = Release|Any CPU
		{E9FAABFB-D726-42C1-83C1-CB46A29FEA81}.Release|Any CPU.Build.0 = Release|Any CPU
		{E9FAABFB-D726-42C1-83C1-CB46A29FEA81}.Release|ARM.ActiveCfg = Release|Any CPU
		{E9FAABFB-D726-42C1-83C1-CB46A29FEA81}.Release|ARM.Build.0 = Release|Any CPU
		{E9FAABFB-D726-42C1-83C1-CB46A29FEA81}.Release|x64.ActiveCfg = Release|Any CPU
		{E9FAABFB-D726-42C1-83C1-CB46A29FEA81}.Release|x64.Build.0 = Release|Any CPU
		{E9FAABFB-D726-42C1-83C1-CB46A29FEA81}.Release|x86.ActiveCfg = Release|Any CPU
		{E9FAABFB-D726-42C1-83C1-CB46A29FEA81}.Release|x86.Build.0 = Release|Any CPU
		{BAB1CAF4-C400-4A7F-A987-C576DE63CFFD}.Debug|Any CPU.ActiveCfg = Debug|x86
		{BAB1CAF4-C400-4A7F-A987-C576DE63CFFD}.Debug|Any CPU.Build.0 = Debug|x86
		{BAB1CAF4-C400-4A7F-A987-C576DE63CFFD}.Debug|ARM.ActiveCfg = Debug|ARM
		{BAB1CAF4-C400-4A7F-A987-C576DE63CFFD}.Debug|ARM.Build.0 = Debug|ARM
		{BAB1CAF4-C400-4A7F-A987-C576DE63CFFD}.Debug|ARM.Deploy.0 = Debug|ARM
		{BAB1CAF4-C400-4A7F-A987-C576DE63CFFD}.Debug|x64.ActiveCfg = Debug|x64
		{BAB1CAF4-C400-4A7F-A987-C576DE63CFFD}.Debug|x64.Build.0 = Debug|x64
		{BAB1CAF4-C400-4A7F-A987-C576DE63CFFD}.Debug|x64.Deploy.0 = Debug|x64
		{BAB1CAF4-C400-4A7F-A987-C576DE63CFFD}.Debug|x86.ActiveCfg = Debug|x86
		{BAB1CAF4-C400-4A7F-A987-C576DE63CFFD}.Debug|x86.Build.0 = Debug|x86
		{BAB1CAF4-C400-4A7F-A987-C576DE63CFFD}.Debug|x86.Deploy.0 = Debug|x86
		{BAB1CAF4-C400-4A7F-A987-C576DE63CFFD}.Native|Any CPU.ActiveCfg = Release|x86
		{BAB1CAF4-C400-4A7F-A987-C576DE63CFFD}.Native|ARM.ActiveCfg = Release|ARM
		{BAB1CAF4-C400-4A7F-A987-C576DE63CFFD}.Native|x64.ActiveCfg = Release|x64
		{BAB1CAF4-C400-4A7F-A987-C576DE63CFFD}.Native|x86.ActiveCfg = Release|x86
		{BAB1CAF4-C400-4A7F-A987-C576DE63CFFD}.Release|Any CPU.ActiveCfg = Release|x86
		{BAB1CAF4-C400-4A7F-A987-C576DE63CFFD}.Release|ARM.ActiveCfg = Release|ARM
		{BAB1CAF4-C400-4A7F-A987-C576DE63CFFD}.Release|ARM.Build.0 = Release|ARM
		{BAB1CAF4-C400-4A7F-A987-C576DE63CFFD}.Release|ARM.Deploy.0 = Release|ARM
		{BAB1CAF4-C400-4A7F-A987-C576DE63CFFD}.Release|x64.ActiveCfg = Release|x64
		{BAB1CAF4-C400-4A7F-A987-C576DE63CFFD}.Release|x64.Build.0 = Release|x64
		{BAB1CAF4-C400-4A7F-A987-C576DE63CFFD}.Release|x64.Deploy.0 = Release|x64
		{BAB1CAF4-C400-4A7F-A987-C576DE63CFFD}.Release|x86.ActiveCfg = Release|x86
		{BAB1CAF4-C400-4A7F-A987-C576DE63CFFD}.Release|x86.Build.0 = Release|x86
		{BAB1CAF4-C400-4A7F-A987-C576DE63CFFD}.Release|x86.Deploy.0 = Release|x86
		{1AE2CB5C-58A0-4F12-8E6F-2CD4AAADB34C}.Debug|Any CPU.ActiveCfg = Debug|Any CPU
		{1AE2CB5C-58A0-4F12-8E6F-2CD4AAADB34C}.Debug|Any CPU.Build.0 = Debug|Any CPU
		{1AE2CB5C-58A0-4F12-8E6F-2CD4AAADB34C}.Debug|ARM.ActiveCfg = Debug|ARM
		{1AE2CB5C-58A0-4F12-8E6F-2CD4AAADB34C}.Debug|ARM.Build.0 = Debug|ARM
		{1AE2CB5C-58A0-4F12-8E6F-2CD4AAADB34C}.Debug|x64.ActiveCfg = Debug|x64
		{1AE2CB5C-58A0-4F12-8E6F-2CD4AAADB34C}.Debug|x64.Build.0 = Debug|x64
		{1AE2CB5C-58A0-4F12-8E6F-2CD4AAADB34C}.Debug|x86.ActiveCfg = Debug|x86
		{1AE2CB5C-58A0-4F12-8E6F-2CD4AAADB34C}.Debug|x86.Build.0 = Debug|x86
		{1AE2CB5C-58A0-4F12-8E6F-2CD4AAADB34C}.Native|Any CPU.ActiveCfg = Release|Any CPU
		{1AE2CB5C-58A0-4F12-8E6F-2CD4AAADB34C}.Native|ARM.ActiveCfg = Release|ARM
		{1AE2CB5C-58A0-4F12-8E6F-2CD4AAADB34C}.Native|x64.ActiveCfg = Release|x64
		{1AE2CB5C-58A0-4F12-8E6F-2CD4AAADB34C}.Native|x86.ActiveCfg = Release|x86
		{1AE2CB5C-58A0-4F12-8E6F-2CD4AAADB34C}.Release|Any CPU.ActiveCfg = Release|Any CPU
		{1AE2CB5C-58A0-4F12-8E6F-2CD4AAADB34C}.Release|ARM.ActiveCfg = Release|ARM
		{1AE2CB5C-58A0-4F12-8E6F-2CD4AAADB34C}.Release|ARM.Build.0 = Release|ARM
		{1AE2CB5C-58A0-4F12-8E6F-2CD4AAADB34C}.Release|x64.ActiveCfg = Release|x64
		{1AE2CB5C-58A0-4F12-8E6F-2CD4AAADB34C}.Release|x64.Build.0 = Release|x64
		{1AE2CB5C-58A0-4F12-8E6F-2CD4AAADB34C}.Release|x86.ActiveCfg = Release|x86
		{1AE2CB5C-58A0-4F12-8E6F-2CD4AAADB34C}.Release|x86.Build.0 = Release|x86
		{E7697922-9555-4CFB-AEE0-C5F4D657E559}.Debug|Any CPU.ActiveCfg = Debug|Any CPU
		{E7697922-9555-4CFB-AEE0-C5F4D657E559}.Debug|Any CPU.Build.0 = Debug|Any CPU
		{E7697922-9555-4CFB-AEE0-C5F4D657E559}.Debug|ARM.ActiveCfg = Debug|Any CPU
		{E7697922-9555-4CFB-AEE0-C5F4D657E559}.Debug|ARM.Build.0 = Debug|Any CPU
		{E7697922-9555-4CFB-AEE0-C5F4D657E559}.Debug|x64.ActiveCfg = Debug|Any CPU
		{E7697922-9555-4CFB-AEE0-C5F4D657E559}.Debug|x64.Build.0 = Debug|Any CPU
		{E7697922-9555-4CFB-AEE0-C5F4D657E559}.Debug|x86.ActiveCfg = Debug|Any CPU
		{E7697922-9555-4CFB-AEE0-C5F4D657E559}.Debug|x86.Build.0 = Debug|Any CPU
		{E7697922-9555-4CFB-AEE0-C5F4D657E559}.Native|Any CPU.ActiveCfg = Release|Any CPU
		{E7697922-9555-4CFB-AEE0-C5F4D657E559}.Native|ARM.ActiveCfg = Release|Any CPU
		{E7697922-9555-4CFB-AEE0-C5F4D657E559}.Native|x64.ActiveCfg = Release|Any CPU
		{E7697922-9555-4CFB-AEE0-C5F4D657E559}.Native|x86.ActiveCfg = Release|Any CPU
		{E7697922-9555-4CFB-AEE0-C5F4D657E559}.Release|Any CPU.ActiveCfg = Release|Any CPU
		{E7697922-9555-4CFB-AEE0-C5F4D657E559}.Release|Any CPU.Build.0 = Release|Any CPU
		{E7697922-9555-4CFB-AEE0-C5F4D657E559}.Release|ARM.ActiveCfg = Release|Any CPU
		{E7697922-9555-4CFB-AEE0-C5F4D657E559}.Release|ARM.Build.0 = Release|Any CPU
		{E7697922-9555-4CFB-AEE0-C5F4D657E559}.Release|x64.ActiveCfg = Release|Any CPU
		{E7697922-9555-4CFB-AEE0-C5F4D657E559}.Release|x64.Build.0 = Release|Any CPU
		{E7697922-9555-4CFB-AEE0-C5F4D657E559}.Release|x86.ActiveCfg = Release|Any CPU
		{E7697922-9555-4CFB-AEE0-C5F4D657E559}.Release|x86.Build.0 = Release|Any CPU
		{B1E850FF-DDE6-44D5-A830-34250E97A687}.Debug|Any CPU.ActiveCfg = Debug|Any CPU
		{B1E850FF-DDE6-44D5-A830-34250E97A687}.Debug|Any CPU.Build.0 = Debug|Any CPU
		{B1E850FF-DDE6-44D5-A830-34250E97A687}.Debug|ARM.ActiveCfg = Debug|Any CPU
		{B1E850FF-DDE6-44D5-A830-34250E97A687}.Debug|ARM.Build.0 = Debug|Any CPU
		{B1E850FF-DDE6-44D5-A830-34250E97A687}.Debug|x64.ActiveCfg = Debug|Any CPU
		{B1E850FF-DDE6-44D5-A830-34250E97A687}.Debug|x64.Build.0 = Debug|Any CPU
		{B1E850FF-DDE6-44D5-A830-34250E97A687}.Debug|x86.ActiveCfg = Debug|Any CPU
		{B1E850FF-DDE6-44D5-A830-34250E97A687}.Debug|x86.Build.0 = Debug|Any CPU
		{B1E850FF-DDE6-44D5-A830-34250E97A687}.Native|Any CPU.ActiveCfg = Release|Any CPU
		{B1E850FF-DDE6-44D5-A830-34250E97A687}.Native|ARM.ActiveCfg = Release|Any CPU
		{B1E850FF-DDE6-44D5-A830-34250E97A687}.Native|x64.ActiveCfg = Release|Any CPU
		{B1E850FF-DDE6-44D5-A830-34250E97A687}.Native|x86.ActiveCfg = Release|Any CPU
		{B1E850FF-DDE6-44D5-A830-34250E97A687}.Release|Any CPU.ActiveCfg = Release|Any CPU
		{B1E850FF-DDE6-44D5-A830-34250E97A687}.Release|Any CPU.Build.0 = Release|Any CPU
		{B1E850FF-DDE6-44D5-A830-34250E97A687}.Release|ARM.ActiveCfg = Release|Any CPU
		{B1E850FF-DDE6-44D5-A830-34250E97A687}.Release|ARM.Build.0 = Release|Any CPU
		{B1E850FF-DDE6-44D5-A830-34250E97A687}.Release|x64.ActiveCfg = Release|Any CPU
		{B1E850FF-DDE6-44D5-A830-34250E97A687}.Release|x64.Build.0 = Release|Any CPU
		{B1E850FF-DDE6-44D5-A830-34250E97A687}.Release|x86.ActiveCfg = Release|Any CPU
		{B1E850FF-DDE6-44D5-A830-34250E97A687}.Release|x86.Build.0 = Release|Any CPU
		{34398053-FC70-4243-84F9-F355DEFFF66D}.Debug|Any CPU.ActiveCfg = Debug|Any CPU
		{34398053-FC70-4243-84F9-F355DEFFF66D}.Debug|Any CPU.Build.0 = Debug|Any CPU
		{34398053-FC70-4243-84F9-F355DEFFF66D}.Debug|ARM.ActiveCfg = Debug|Any CPU
		{34398053-FC70-4243-84F9-F355DEFFF66D}.Debug|ARM.Build.0 = Debug|Any CPU
		{34398053-FC70-4243-84F9-F355DEFFF66D}.Debug|x64.ActiveCfg = Debug|Any CPU
		{34398053-FC70-4243-84F9-F355DEFFF66D}.Debug|x64.Build.0 = Debug|Any CPU
		{34398053-FC70-4243-84F9-F355DEFFF66D}.Debug|x86.ActiveCfg = Debug|Any CPU
		{34398053-FC70-4243-84F9-F355DEFFF66D}.Debug|x86.Build.0 = Debug|Any CPU
		{34398053-FC70-4243-84F9-F355DEFFF66D}.Native|Any CPU.ActiveCfg = Release|Any CPU
		{34398053-FC70-4243-84F9-F355DEFFF66D}.Native|ARM.ActiveCfg = Release|Any CPU
		{34398053-FC70-4243-84F9-F355DEFFF66D}.Native|x64.ActiveCfg = Release|Any CPU
		{34398053-FC70-4243-84F9-F355DEFFF66D}.Native|x86.ActiveCfg = Release|Any CPU
		{34398053-FC70-4243-84F9-F355DEFFF66D}.Release|Any CPU.ActiveCfg = Release|Any CPU
		{34398053-FC70-4243-84F9-F355DEFFF66D}.Release|Any CPU.Build.0 = Release|Any CPU
		{34398053-FC70-4243-84F9-F355DEFFF66D}.Release|ARM.ActiveCfg = Release|Any CPU
		{34398053-FC70-4243-84F9-F355DEFFF66D}.Release|ARM.Build.0 = Release|Any CPU
		{34398053-FC70-4243-84F9-F355DEFFF66D}.Release|x64.ActiveCfg = Release|Any CPU
		{34398053-FC70-4243-84F9-F355DEFFF66D}.Release|x64.Build.0 = Release|Any CPU
		{34398053-FC70-4243-84F9-F355DEFFF66D}.Release|x86.ActiveCfg = Release|Any CPU
		{34398053-FC70-4243-84F9-F355DEFFF66D}.Release|x86.Build.0 = Release|Any CPU
		{6FE128A8-CEFA-4A61-A987-EC92DE6B538E}.Debug|Any CPU.ActiveCfg = Debug|Any CPU
		{6FE128A8-CEFA-4A61-A987-EC92DE6B538E}.Debug|Any CPU.Build.0 = Debug|Any CPU
		{6FE128A8-CEFA-4A61-A987-EC92DE6B538E}.Debug|ARM.ActiveCfg = Debug|Any CPU
		{6FE128A8-CEFA-4A61-A987-EC92DE6B538E}.Debug|ARM.Build.0 = Debug|Any CPU
		{6FE128A8-CEFA-4A61-A987-EC92DE6B538E}.Debug|x64.ActiveCfg = Debug|Any CPU
		{6FE128A8-CEFA-4A61-A987-EC92DE6B538E}.Debug|x64.Build.0 = Debug|Any CPU
		{6FE128A8-CEFA-4A61-A987-EC92DE6B538E}.Debug|x86.ActiveCfg = Debug|Any CPU
		{6FE128A8-CEFA-4A61-A987-EC92DE6B538E}.Debug|x86.Build.0 = Debug|Any CPU
		{6FE128A8-CEFA-4A61-A987-EC92DE6B538E}.Native|Any CPU.ActiveCfg = Release|Any CPU
		{6FE128A8-CEFA-4A61-A987-EC92DE6B538E}.Native|ARM.ActiveCfg = Release|Any CPU
		{6FE128A8-CEFA-4A61-A987-EC92DE6B538E}.Native|x64.ActiveCfg = Release|Any CPU
		{6FE128A8-CEFA-4A61-A987-EC92DE6B538E}.Native|x86.ActiveCfg = Release|Any CPU
		{6FE128A8-CEFA-4A61-A987-EC92DE6B538E}.Release|Any CPU.ActiveCfg = Release|Any CPU
		{6FE128A8-CEFA-4A61-A987-EC92DE6B538E}.Release|Any CPU.Build.0 = Release|Any CPU
		{6FE128A8-CEFA-4A61-A987-EC92DE6B538E}.Release|ARM.ActiveCfg = Release|Any CPU
		{6FE128A8-CEFA-4A61-A987-EC92DE6B538E}.Release|ARM.Build.0 = Release|Any CPU
		{6FE128A8-CEFA-4A61-A987-EC92DE6B538E}.Release|x64.ActiveCfg = Release|Any CPU
		{6FE128A8-CEFA-4A61-A987-EC92DE6B538E}.Release|x64.Build.0 = Release|Any CPU
		{6FE128A8-CEFA-4A61-A987-EC92DE6B538E}.Release|x86.ActiveCfg = Release|Any CPU
		{6FE128A8-CEFA-4A61-A987-EC92DE6B538E}.Release|x86.Build.0 = Release|Any CPU
		{97EE849B-403C-490E-80ED-D19D7CC153FD}.Debug|Any CPU.ActiveCfg = Debug|Any CPU
		{97EE849B-403C-490E-80ED-D19D7CC153FD}.Debug|Any CPU.Build.0 = Debug|Any CPU
		{97EE849B-403C-490E-80ED-D19D7CC153FD}.Debug|ARM.ActiveCfg = Debug|Any CPU
		{97EE849B-403C-490E-80ED-D19D7CC153FD}.Debug|ARM.Build.0 = Debug|Any CPU
		{97EE849B-403C-490E-80ED-D19D7CC153FD}.Debug|x64.ActiveCfg = Debug|Any CPU
		{97EE849B-403C-490E-80ED-D19D7CC153FD}.Debug|x64.Build.0 = Debug|Any CPU
		{97EE849B-403C-490E-80ED-D19D7CC153FD}.Debug|x86.ActiveCfg = Debug|Any CPU
		{97EE849B-403C-490E-80ED-D19D7CC153FD}.Debug|x86.Build.0 = Debug|Any CPU
		{97EE849B-403C-490E-80ED-D19D7CC153FD}.Native|Any CPU.ActiveCfg = Release|Any CPU
		{97EE849B-403C-490E-80ED-D19D7CC153FD}.Native|ARM.ActiveCfg = Release|Any CPU
		{97EE849B-403C-490E-80ED-D19D7CC153FD}.Native|x64.ActiveCfg = Release|Any CPU
		{97EE849B-403C-490E-80ED-D19D7CC153FD}.Native|x86.ActiveCfg = Release|Any CPU
		{97EE849B-403C-490E-80ED-D19D7CC153FD}.Release|Any CPU.ActiveCfg = Release|Any CPU
		{97EE849B-403C-490E-80ED-D19D7CC153FD}.Release|Any CPU.Build.0 = Release|Any CPU
		{97EE849B-403C-490E-80ED-D19D7CC153FD}.Release|ARM.ActiveCfg = Release|Any CPU
		{97EE849B-403C-490E-80ED-D19D7CC153FD}.Release|ARM.Build.0 = Release|Any CPU
		{97EE849B-403C-490E-80ED-D19D7CC153FD}.Release|x64.ActiveCfg = Release|Any CPU
		{97EE849B-403C-490E-80ED-D19D7CC153FD}.Release|x64.Build.0 = Release|Any CPU
		{97EE849B-403C-490E-80ED-D19D7CC153FD}.Release|x86.ActiveCfg = Release|Any CPU
		{97EE849B-403C-490E-80ED-D19D7CC153FD}.Release|x86.Build.0 = Release|Any CPU
		{94994424-5F60-4CD8-ABA2-101779066208}.Debug|Any CPU.ActiveCfg = Debug|Any CPU
		{94994424-5F60-4CD8-ABA2-101779066208}.Debug|Any CPU.Build.0 = Debug|Any CPU
		{94994424-5F60-4CD8-ABA2-101779066208}.Debug|ARM.ActiveCfg = Debug|Any CPU
		{94994424-5F60-4CD8-ABA2-101779066208}.Debug|ARM.Build.0 = Debug|Any CPU
		{94994424-5F60-4CD8-ABA2-101779066208}.Debug|x64.ActiveCfg = Debug|Any CPU
		{94994424-5F60-4CD8-ABA2-101779066208}.Debug|x64.Build.0 = Debug|Any CPU
		{94994424-5F60-4CD8-ABA2-101779066208}.Debug|x86.ActiveCfg = Debug|Any CPU
		{94994424-5F60-4CD8-ABA2-101779066208}.Debug|x86.Build.0 = Debug|Any CPU
		{94994424-5F60-4CD8-ABA2-101779066208}.Native|Any CPU.ActiveCfg = Release|Any CPU
		{94994424-5F60-4CD8-ABA2-101779066208}.Native|ARM.ActiveCfg = Release|Any CPU
		{94994424-5F60-4CD8-ABA2-101779066208}.Native|x64.ActiveCfg = Release|Any CPU
		{94994424-5F60-4CD8-ABA2-101779066208}.Native|x86.ActiveCfg = Release|Any CPU
		{94994424-5F60-4CD8-ABA2-101779066208}.Release|Any CPU.ActiveCfg = Release|Any CPU
		{94994424-5F60-4CD8-ABA2-101779066208}.Release|ARM.ActiveCfg = Release|Any CPU
		{94994424-5F60-4CD8-ABA2-101779066208}.Release|ARM.Build.0 = Release|Any CPU
		{94994424-5F60-4CD8-ABA2-101779066208}.Release|x64.ActiveCfg = Release|Any CPU
		{94994424-5F60-4CD8-ABA2-101779066208}.Release|x64.Build.0 = Release|Any CPU
		{94994424-5F60-4CD8-ABA2-101779066208}.Release|x86.ActiveCfg = Release|Any CPU
		{94994424-5F60-4CD8-ABA2-101779066208}.Release|x86.Build.0 = Release|Any CPU
		{EFA96B3C-857E-4659-B942-6BEF7719F4CA}.Debug|Any CPU.ActiveCfg = Debug|x86
		{EFA96B3C-857E-4659-B942-6BEF7719F4CA}.Debug|Any CPU.Build.0 = Debug|x86
		{EFA96B3C-857E-4659-B942-6BEF7719F4CA}.Debug|ARM.ActiveCfg = Debug|ARM
		{EFA96B3C-857E-4659-B942-6BEF7719F4CA}.Debug|ARM.Build.0 = Debug|ARM
		{EFA96B3C-857E-4659-B942-6BEF7719F4CA}.Debug|ARM.Deploy.0 = Debug|ARM
		{EFA96B3C-857E-4659-B942-6BEF7719F4CA}.Debug|x64.ActiveCfg = Debug|x64
		{EFA96B3C-857E-4659-B942-6BEF7719F4CA}.Debug|x64.Build.0 = Debug|x64
		{EFA96B3C-857E-4659-B942-6BEF7719F4CA}.Debug|x64.Deploy.0 = Debug|x64
		{EFA96B3C-857E-4659-B942-6BEF7719F4CA}.Debug|x86.ActiveCfg = Debug|x86
		{EFA96B3C-857E-4659-B942-6BEF7719F4CA}.Debug|x86.Build.0 = Debug|x86
		{EFA96B3C-857E-4659-B942-6BEF7719F4CA}.Debug|x86.Deploy.0 = Debug|x86
		{EFA96B3C-857E-4659-B942-6BEF7719F4CA}.Native|Any CPU.ActiveCfg = Release|x86
		{EFA96B3C-857E-4659-B942-6BEF7719F4CA}.Native|ARM.ActiveCfg = Release|ARM
		{EFA96B3C-857E-4659-B942-6BEF7719F4CA}.Native|x64.ActiveCfg = Release|x64
		{EFA96B3C-857E-4659-B942-6BEF7719F4CA}.Native|x86.ActiveCfg = Release|x86
		{EFA96B3C-857E-4659-B942-6BEF7719F4CA}.Release|Any CPU.ActiveCfg = Release|x86
		{EFA96B3C-857E-4659-B942-6BEF7719F4CA}.Release|ARM.ActiveCfg = Release|ARM
		{EFA96B3C-857E-4659-B942-6BEF7719F4CA}.Release|ARM.Build.0 = Release|ARM
		{EFA96B3C-857E-4659-B942-6BEF7719F4CA}.Release|ARM.Deploy.0 = Release|ARM
		{EFA96B3C-857E-4659-B942-6BEF7719F4CA}.Release|x64.ActiveCfg = Release|x64
		{EFA96B3C-857E-4659-B942-6BEF7719F4CA}.Release|x64.Build.0 = Release|x64
		{EFA96B3C-857E-4659-B942-6BEF7719F4CA}.Release|x64.Deploy.0 = Release|x64
		{EFA96B3C-857E-4659-B942-6BEF7719F4CA}.Release|x86.ActiveCfg = Release|x86
		{EFA96B3C-857E-4659-B942-6BEF7719F4CA}.Release|x86.Build.0 = Release|x86
		{EFA96B3C-857E-4659-B942-6BEF7719F4CA}.Release|x86.Deploy.0 = Release|x86
		{94F8D702-3A9D-4CFB-85C9-79FC5DBD8B22}.Debug|Any CPU.ActiveCfg = Debug|Any CPU
		{94F8D702-3A9D-4CFB-85C9-79FC5DBD8B22}.Debug|Any CPU.Build.0 = Debug|Any CPU
		{94F8D702-3A9D-4CFB-85C9-79FC5DBD8B22}.Debug|ARM.ActiveCfg = Debug|Any CPU
		{94F8D702-3A9D-4CFB-85C9-79FC5DBD8B22}.Debug|ARM.Build.0 = Debug|Any CPU
		{94F8D702-3A9D-4CFB-85C9-79FC5DBD8B22}.Debug|x64.ActiveCfg = Debug|Any CPU
		{94F8D702-3A9D-4CFB-85C9-79FC5DBD8B22}.Debug|x64.Build.0 = Debug|Any CPU
		{94F8D702-3A9D-4CFB-85C9-79FC5DBD8B22}.Debug|x86.ActiveCfg = Debug|Any CPU
		{94F8D702-3A9D-4CFB-85C9-79FC5DBD8B22}.Debug|x86.Build.0 = Debug|Any CPU
		{94F8D702-3A9D-4CFB-85C9-79FC5DBD8B22}.Native|Any CPU.ActiveCfg = Release|Any CPU
		{94F8D702-3A9D-4CFB-85C9-79FC5DBD8B22}.Native|ARM.ActiveCfg = Release|Any CPU
		{94F8D702-3A9D-4CFB-85C9-79FC5DBD8B22}.Native|x64.ActiveCfg = Release|Any CPU
		{94F8D702-3A9D-4CFB-85C9-79FC5DBD8B22}.Native|x86.ActiveCfg = Release|Any CPU
		{94F8D702-3A9D-4CFB-85C9-79FC5DBD8B22}.Release|Any CPU.ActiveCfg = Release|Any CPU
		{94F8D702-3A9D-4CFB-85C9-79FC5DBD8B22}.Release|Any CPU.Build.0 = Release|Any CPU
		{94F8D702-3A9D-4CFB-85C9-79FC5DBD8B22}.Release|ARM.ActiveCfg = Release|Any CPU
		{94F8D702-3A9D-4CFB-85C9-79FC5DBD8B22}.Release|ARM.Build.0 = Release|Any CPU
		{94F8D702-3A9D-4CFB-85C9-79FC5DBD8B22}.Release|x64.ActiveCfg = Release|Any CPU
		{94F8D702-3A9D-4CFB-85C9-79FC5DBD8B22}.Release|x64.Build.0 = Release|Any CPU
		{94F8D702-3A9D-4CFB-85C9-79FC5DBD8B22}.Release|x86.ActiveCfg = Release|Any CPU
		{94F8D702-3A9D-4CFB-85C9-79FC5DBD8B22}.Release|x86.Build.0 = Release|Any CPU
		{7AEFC959-ED7C-4D96-9E92-72609B40FBE0}.Debug|Any CPU.ActiveCfg = Debug|x86
		{7AEFC959-ED7C-4D96-9E92-72609B40FBE0}.Debug|Any CPU.Build.0 = Debug|x86
		{7AEFC959-ED7C-4D96-9E92-72609B40FBE0}.Debug|ARM.ActiveCfg = Debug|x86
		{7AEFC959-ED7C-4D96-9E92-72609B40FBE0}.Debug|ARM.Build.0 = Debug|x86
		{7AEFC959-ED7C-4D96-9E92-72609B40FBE0}.Debug|x64.ActiveCfg = Debug|x86
		{7AEFC959-ED7C-4D96-9E92-72609B40FBE0}.Debug|x64.Build.0 = Debug|x86
		{7AEFC959-ED7C-4D96-9E92-72609B40FBE0}.Debug|x86.ActiveCfg = Debug|x86
		{7AEFC959-ED7C-4D96-9E92-72609B40FBE0}.Debug|x86.Build.0 = Debug|x86
		{7AEFC959-ED7C-4D96-9E92-72609B40FBE0}.Native|Any CPU.ActiveCfg = Release|x86
		{7AEFC959-ED7C-4D96-9E92-72609B40FBE0}.Native|ARM.ActiveCfg = Release|x86
		{7AEFC959-ED7C-4D96-9E92-72609B40FBE0}.Native|x64.ActiveCfg = Release|x86
		{7AEFC959-ED7C-4D96-9E92-72609B40FBE0}.Native|x86.ActiveCfg = Release|x86
		{7AEFC959-ED7C-4D96-9E92-72609B40FBE0}.Release|Any CPU.ActiveCfg = Release|x86
		{7AEFC959-ED7C-4D96-9E92-72609B40FBE0}.Release|Any CPU.Build.0 = Release|x86
		{7AEFC959-ED7C-4D96-9E92-72609B40FBE0}.Release|ARM.ActiveCfg = Release|x86
		{7AEFC959-ED7C-4D96-9E92-72609B40FBE0}.Release|ARM.Build.0 = Release|x86
		{7AEFC959-ED7C-4D96-9E92-72609B40FBE0}.Release|x64.ActiveCfg = Release|x86
		{7AEFC959-ED7C-4D96-9E92-72609B40FBE0}.Release|x64.Build.0 = Release|x86
		{7AEFC959-ED7C-4D96-9E92-72609B40FBE0}.Release|x86.ActiveCfg = Release|x86
		{7AEFC959-ED7C-4D96-9E92-72609B40FBE0}.Release|x86.Build.0 = Release|x86
		{42CA4935-54BE-42EA-AC19-992378C08DE6}.Debug|Any CPU.ActiveCfg = Debug|Any CPU
		{42CA4935-54BE-42EA-AC19-992378C08DE6}.Debug|Any CPU.Build.0 = Debug|Any CPU
		{42CA4935-54BE-42EA-AC19-992378C08DE6}.Debug|ARM.ActiveCfg = Debug|Any CPU
		{42CA4935-54BE-42EA-AC19-992378C08DE6}.Debug|ARM.Build.0 = Debug|Any CPU
		{42CA4935-54BE-42EA-AC19-992378C08DE6}.Debug|x64.ActiveCfg = Debug|Any CPU
		{42CA4935-54BE-42EA-AC19-992378C08DE6}.Debug|x64.Build.0 = Debug|Any CPU
		{42CA4935-54BE-42EA-AC19-992378C08DE6}.Debug|x86.ActiveCfg = Debug|Any CPU
		{42CA4935-54BE-42EA-AC19-992378C08DE6}.Debug|x86.Build.0 = Debug|Any CPU
		{42CA4935-54BE-42EA-AC19-992378C08DE6}.Native|Any CPU.ActiveCfg = Release|Any CPU
		{42CA4935-54BE-42EA-AC19-992378C08DE6}.Native|ARM.ActiveCfg = Release|Any CPU
		{42CA4935-54BE-42EA-AC19-992378C08DE6}.Native|x64.ActiveCfg = Release|Any CPU
		{42CA4935-54BE-42EA-AC19-992378C08DE6}.Native|x86.ActiveCfg = Release|Any CPU
		{42CA4935-54BE-42EA-AC19-992378C08DE6}.Release|Any CPU.ActiveCfg = Release|Any CPU
		{42CA4935-54BE-42EA-AC19-992378C08DE6}.Release|Any CPU.Build.0 = Release|Any CPU
		{42CA4935-54BE-42EA-AC19-992378C08DE6}.Release|ARM.ActiveCfg = Release|Any CPU
		{42CA4935-54BE-42EA-AC19-992378C08DE6}.Release|ARM.Build.0 = Release|Any CPU
		{42CA4935-54BE-42EA-AC19-992378C08DE6}.Release|x64.ActiveCfg = Release|Any CPU
		{42CA4935-54BE-42EA-AC19-992378C08DE6}.Release|x64.Build.0 = Release|Any CPU
		{42CA4935-54BE-42EA-AC19-992378C08DE6}.Release|x86.ActiveCfg = Release|Any CPU
		{42CA4935-54BE-42EA-AC19-992378C08DE6}.Release|x86.Build.0 = Release|Any CPU
		{292D34E8-0F01-4FA8-951D-8232F75A88D5}.Debug|Any CPU.ActiveCfg = Debug|Any CPU
		{292D34E8-0F01-4FA8-951D-8232F75A88D5}.Debug|Any CPU.Build.0 = Debug|Any CPU
		{292D34E8-0F01-4FA8-951D-8232F75A88D5}.Debug|ARM.ActiveCfg = Debug|Any CPU
		{292D34E8-0F01-4FA8-951D-8232F75A88D5}.Debug|ARM.Build.0 = Debug|Any CPU
		{292D34E8-0F01-4FA8-951D-8232F75A88D5}.Debug|x64.ActiveCfg = Debug|Any CPU
		{292D34E8-0F01-4FA8-951D-8232F75A88D5}.Debug|x64.Build.0 = Debug|Any CPU
		{292D34E8-0F01-4FA8-951D-8232F75A88D5}.Debug|x86.ActiveCfg = Debug|Any CPU
		{292D34E8-0F01-4FA8-951D-8232F75A88D5}.Debug|x86.Build.0 = Debug|Any CPU
		{292D34E8-0F01-4FA8-951D-8232F75A88D5}.Native|Any CPU.ActiveCfg = Release|Any CPU
		{292D34E8-0F01-4FA8-951D-8232F75A88D5}.Native|ARM.ActiveCfg = Release|Any CPU
		{292D34E8-0F01-4FA8-951D-8232F75A88D5}.Native|x64.ActiveCfg = Release|Any CPU
		{292D34E8-0F01-4FA8-951D-8232F75A88D5}.Native|x86.ActiveCfg = Release|Any CPU
		{292D34E8-0F01-4FA8-951D-8232F75A88D5}.Release|Any CPU.ActiveCfg = Release|Any CPU
		{292D34E8-0F01-4FA8-951D-8232F75A88D5}.Release|ARM.ActiveCfg = Release|Any CPU
		{292D34E8-0F01-4FA8-951D-8232F75A88D5}.Release|ARM.Build.0 = Release|Any CPU
		{292D34E8-0F01-4FA8-951D-8232F75A88D5}.Release|x64.ActiveCfg = Release|Any CPU
		{292D34E8-0F01-4FA8-951D-8232F75A88D5}.Release|x64.Build.0 = Release|Any CPU
		{292D34E8-0F01-4FA8-951D-8232F75A88D5}.Release|x86.ActiveCfg = Release|Any CPU
		{292D34E8-0F01-4FA8-951D-8232F75A88D5}.Release|x86.Build.0 = Release|Any CPU
		{262BB7CE-EF42-4BF7-B90C-107E6CBB57FF}.Debug|Any CPU.ActiveCfg = Debug|Any CPU
		{262BB7CE-EF42-4BF7-B90C-107E6CBB57FF}.Debug|Any CPU.Build.0 = Debug|Any CPU
		{262BB7CE-EF42-4BF7-B90C-107E6CBB57FF}.Debug|ARM.ActiveCfg = Debug|Any CPU
		{262BB7CE-EF42-4BF7-B90C-107E6CBB57FF}.Debug|ARM.Build.0 = Debug|Any CPU
		{262BB7CE-EF42-4BF7-B90C-107E6CBB57FF}.Debug|x64.ActiveCfg = Debug|Any CPU
		{262BB7CE-EF42-4BF7-B90C-107E6CBB57FF}.Debug|x64.Build.0 = Debug|Any CPU
		{262BB7CE-EF42-4BF7-B90C-107E6CBB57FF}.Debug|x86.ActiveCfg = Debug|Any CPU
		{262BB7CE-EF42-4BF7-B90C-107E6CBB57FF}.Debug|x86.Build.0 = Debug|Any CPU
		{262BB7CE-EF42-4BF7-B90C-107E6CBB57FF}.Native|Any CPU.ActiveCfg = Release|Any CPU
		{262BB7CE-EF42-4BF7-B90C-107E6CBB57FF}.Native|ARM.ActiveCfg = Release|Any CPU
		{262BB7CE-EF42-4BF7-B90C-107E6CBB57FF}.Native|x64.ActiveCfg = Release|Any CPU
		{262BB7CE-EF42-4BF7-B90C-107E6CBB57FF}.Native|x86.ActiveCfg = Release|Any CPU
		{262BB7CE-EF42-4BF7-B90C-107E6CBB57FF}.Release|Any CPU.ActiveCfg = Release|Any CPU
		{262BB7CE-EF42-4BF7-B90C-107E6CBB57FF}.Release|Any CPU.Build.0 = Release|Any CPU
		{262BB7CE-EF42-4BF7-B90C-107E6CBB57FF}.Release|ARM.ActiveCfg = Release|Any CPU
		{262BB7CE-EF42-4BF7-B90C-107E6CBB57FF}.Release|ARM.Build.0 = Release|Any CPU
		{262BB7CE-EF42-4BF7-B90C-107E6CBB57FF}.Release|x64.ActiveCfg = Release|Any CPU
		{262BB7CE-EF42-4BF7-B90C-107E6CBB57FF}.Release|x64.Build.0 = Release|Any CPU
		{262BB7CE-EF42-4BF7-B90C-107E6CBB57FF}.Release|x86.ActiveCfg = Release|Any CPU
		{262BB7CE-EF42-4BF7-B90C-107E6CBB57FF}.Release|x86.Build.0 = Release|Any CPU
		{A5E98964-45B1-442D-A07A-298A3221D81E}.Debug|Any CPU.ActiveCfg = Debug|Win32
		{A5E98964-45B1-442D-A07A-298A3221D81E}.Debug|Any CPU.Build.0 = Debug|Win32
		{A5E98964-45B1-442D-A07A-298A3221D81E}.Debug|ARM.ActiveCfg = Debug|ARM
		{A5E98964-45B1-442D-A07A-298A3221D81E}.Debug|ARM.Build.0 = Debug|ARM
		{A5E98964-45B1-442D-A07A-298A3221D81E}.Debug|x64.ActiveCfg = Debug|x64
		{A5E98964-45B1-442D-A07A-298A3221D81E}.Debug|x64.Build.0 = Debug|x64
		{A5E98964-45B1-442D-A07A-298A3221D81E}.Debug|x86.ActiveCfg = Debug|Win32
		{A5E98964-45B1-442D-A07A-298A3221D81E}.Debug|x86.Build.0 = Debug|Win32
		{A5E98964-45B1-442D-A07A-298A3221D81E}.Native|Any CPU.ActiveCfg = Release|Win32
		{A5E98964-45B1-442D-A07A-298A3221D81E}.Native|Any CPU.Build.0 = Release|Win32
		{A5E98964-45B1-442D-A07A-298A3221D81E}.Native|ARM.ActiveCfg = Release|ARM
		{A5E98964-45B1-442D-A07A-298A3221D81E}.Native|ARM.Build.0 = Release|ARM
		{A5E98964-45B1-442D-A07A-298A3221D81E}.Native|x64.ActiveCfg = Release|x64
		{A5E98964-45B1-442D-A07A-298A3221D81E}.Native|x64.Build.0 = Release|x64
		{A5E98964-45B1-442D-A07A-298A3221D81E}.Native|x86.ActiveCfg = Release|Win32
		{A5E98964-45B1-442D-A07A-298A3221D81E}.Native|x86.Build.0 = Release|Win32
		{A5E98964-45B1-442D-A07A-298A3221D81E}.Release|Any CPU.ActiveCfg = Release|Win32
		{A5E98964-45B1-442D-A07A-298A3221D81E}.Release|ARM.ActiveCfg = Release|ARM
		{A5E98964-45B1-442D-A07A-298A3221D81E}.Release|ARM.Build.0 = Release|ARM
		{A5E98964-45B1-442D-A07A-298A3221D81E}.Release|x64.ActiveCfg = Release|x64
		{A5E98964-45B1-442D-A07A-298A3221D81E}.Release|x64.Build.0 = Release|x64
		{A5E98964-45B1-442D-A07A-298A3221D81E}.Release|x86.ActiveCfg = Release|Win32
		{A5E98964-45B1-442D-A07A-298A3221D81E}.Release|x86.Build.0 = Release|Win32
		{A122EA02-4DE7-413D-BFBF-AF7DFC668DD6}.Debug|Any CPU.ActiveCfg = Debug|x86
		{A122EA02-4DE7-413D-BFBF-AF7DFC668DD6}.Debug|ARM.ActiveCfg = Debug|ARM
		{A122EA02-4DE7-413D-BFBF-AF7DFC668DD6}.Debug|ARM.Build.0 = Debug|ARM
		{A122EA02-4DE7-413D-BFBF-AF7DFC668DD6}.Debug|ARM.Deploy.0 = Debug|ARM
		{A122EA02-4DE7-413D-BFBF-AF7DFC668DD6}.Debug|x64.ActiveCfg = Debug|x64
		{A122EA02-4DE7-413D-BFBF-AF7DFC668DD6}.Debug|x64.Build.0 = Debug|x64
		{A122EA02-4DE7-413D-BFBF-AF7DFC668DD6}.Debug|x64.Deploy.0 = Debug|x64
		{A122EA02-4DE7-413D-BFBF-AF7DFC668DD6}.Debug|x86.ActiveCfg = Debug|x86
		{A122EA02-4DE7-413D-BFBF-AF7DFC668DD6}.Debug|x86.Build.0 = Debug|x86
		{A122EA02-4DE7-413D-BFBF-AF7DFC668DD6}.Debug|x86.Deploy.0 = Debug|x86
		{A122EA02-4DE7-413D-BFBF-AF7DFC668DD6}.Native|Any CPU.ActiveCfg = Release|x86
		{A122EA02-4DE7-413D-BFBF-AF7DFC668DD6}.Native|ARM.ActiveCfg = Release|ARM
		{A122EA02-4DE7-413D-BFBF-AF7DFC668DD6}.Native|x64.ActiveCfg = Release|x64
		{A122EA02-4DE7-413D-BFBF-AF7DFC668DD6}.Native|x86.ActiveCfg = Release|x86
		{A122EA02-4DE7-413D-BFBF-AF7DFC668DD6}.Release|Any CPU.ActiveCfg = Release|x86
		{A122EA02-4DE7-413D-BFBF-AF7DFC668DD6}.Release|ARM.ActiveCfg = Release|ARM
		{A122EA02-4DE7-413D-BFBF-AF7DFC668DD6}.Release|ARM.Build.0 = Release|ARM
		{A122EA02-4DE7-413D-BFBF-AF7DFC668DD6}.Release|ARM.Deploy.0 = Release|ARM
		{A122EA02-4DE7-413D-BFBF-AF7DFC668DD6}.Release|x64.ActiveCfg = Release|x64
		{A122EA02-4DE7-413D-BFBF-AF7DFC668DD6}.Release|x64.Build.0 = Release|x64
		{A122EA02-4DE7-413D-BFBF-AF7DFC668DD6}.Release|x64.Deploy.0 = Release|x64
		{A122EA02-4DE7-413D-BFBF-AF7DFC668DD6}.Release|x86.ActiveCfg = Release|x86
		{A122EA02-4DE7-413D-BFBF-AF7DFC668DD6}.Release|x86.Build.0 = Release|x86
		{A122EA02-4DE7-413D-BFBF-AF7DFC668DD6}.Release|x86.Deploy.0 = Release|x86
		{D4D78CBA-B238-4794-89A0-4F1A2D8FEA97}.Debug|Any CPU.ActiveCfg = Debug|Any CPU
		{D4D78CBA-B238-4794-89A0-4F1A2D8FEA97}.Debug|Any CPU.Build.0 = Debug|Any CPU
		{D4D78CBA-B238-4794-89A0-4F1A2D8FEA97}.Debug|ARM.ActiveCfg = Debug|Any CPU
		{D4D78CBA-B238-4794-89A0-4F1A2D8FEA97}.Debug|ARM.Build.0 = Debug|Any CPU
		{D4D78CBA-B238-4794-89A0-4F1A2D8FEA97}.Debug|x64.ActiveCfg = Debug|Any CPU
		{D4D78CBA-B238-4794-89A0-4F1A2D8FEA97}.Debug|x64.Build.0 = Debug|Any CPU
		{D4D78CBA-B238-4794-89A0-4F1A2D8FEA97}.Debug|x86.ActiveCfg = Debug|Any CPU
		{D4D78CBA-B238-4794-89A0-4F1A2D8FEA97}.Debug|x86.Build.0 = Debug|Any CPU
		{D4D78CBA-B238-4794-89A0-4F1A2D8FEA97}.Native|Any CPU.ActiveCfg = Debug|Any CPU
		{D4D78CBA-B238-4794-89A0-4F1A2D8FEA97}.Native|ARM.ActiveCfg = Debug|Any CPU
		{D4D78CBA-B238-4794-89A0-4F1A2D8FEA97}.Native|x64.ActiveCfg = Debug|Any CPU
		{D4D78CBA-B238-4794-89A0-4F1A2D8FEA97}.Native|x86.ActiveCfg = Debug|Any CPU
		{D4D78CBA-B238-4794-89A0-4F1A2D8FEA97}.Release|Any CPU.ActiveCfg = Release|Any CPU
		{D4D78CBA-B238-4794-89A0-4F1A2D8FEA97}.Release|Any CPU.Build.0 = Release|Any CPU
		{D4D78CBA-B238-4794-89A0-4F1A2D8FEA97}.Release|ARM.ActiveCfg = Release|Any CPU
		{D4D78CBA-B238-4794-89A0-4F1A2D8FEA97}.Release|ARM.Build.0 = Release|Any CPU
		{D4D78CBA-B238-4794-89A0-4F1A2D8FEA97}.Release|x64.ActiveCfg = Release|Any CPU
		{D4D78CBA-B238-4794-89A0-4F1A2D8FEA97}.Release|x64.Build.0 = Release|Any CPU
		{D4D78CBA-B238-4794-89A0-4F1A2D8FEA97}.Release|x86.ActiveCfg = Release|Any CPU
		{D4D78CBA-B238-4794-89A0-4F1A2D8FEA97}.Release|x86.Build.0 = Release|Any CPU
	EndGlobalSection
	GlobalSection(SolutionProperties) = preSolution
		HideSolutionNode = FALSE
	EndGlobalSection
	GlobalSection(NestedProjects) = preSolution
		{719C43C6-8753-4395-ADAA-2FCC70F76BF3} = {9AD30620-667D-433C-9961-8D885EE7B762}
		{A139968E-AD78-4E8C-93B8-9A5523BCAC89} = {B30036C4-D514-4E5B-A323-587A061772CE}
		{3DD8AA7C-3569-4E51-992F-0C2257E8878E} = {F1AFFFA7-28FE-4770-BA48-10D76F3E59BC}
		{B24A296C-B3EB-4E06-A64E-74AC2D1ACC91} = {F1AFFFA7-28FE-4770-BA48-10D76F3E59BC}
		{E9FAABFB-D726-42C1-83C1-CB46A29FEA81} = {F1AFFFA7-28FE-4770-BA48-10D76F3E59BC}
		{9333C63A-F64F-4797-82B3-017422668A5D} = {B30036C4-D514-4E5B-A323-587A061772CE}
		{982CC826-AACD-4855-9075-430BB6CE40A9} = {9333C63A-F64F-4797-82B3-017422668A5D}
		{BAB1CAF4-C400-4A7F-A987-C576DE63CFFD} = {9333C63A-F64F-4797-82B3-017422668A5D}
		{1AE2CB5C-58A0-4F12-8E6F-2CD4AAADB34C} = {9AD30620-667D-433C-9961-8D885EE7B762}
		{94994424-5F60-4CD8-ABA2-101779066208} = {9333C63A-F64F-4797-82B3-017422668A5D}
		{EFA96B3C-857E-4659-B942-6BEF7719F4CA} = {9333C63A-F64F-4797-82B3-017422668A5D}
		{7AEFC959-ED7C-4D96-9E92-72609B40FBE0} = {F1AFFFA7-28FE-4770-BA48-10D76F3E59BC}
		{292D34E8-0F01-4FA8-951D-8232F75A88D5} = {096ECFD7-7035-4487-9C87-81DCE9389620}
		{262BB7CE-EF42-4BF7-B90C-107E6CBB57FF} = {096ECFD7-7035-4487-9C87-81DCE9389620}
		{A122EA02-4DE7-413D-BFBF-AF7DFC668DD6} = {B30036C4-D514-4E5B-A323-587A061772CE}
		{D4D78CBA-B238-4794-89A0-4F1A2D8FEA97} = {F1AFFFA7-28FE-4770-BA48-10D76F3E59BC}
	EndGlobalSection
	GlobalSection(ExtensibilityGlobals) = postSolution
		SolutionGuid = {5403B0C4-F244-4F73-A35C-FE664D0F4345}
	EndGlobalSection
EndGlobal
